// !$*UTF8*$!
{
	archiveVersion = 1;
	classes = {
	};
	objectVersion = 46;
	objects = {

/* Begin PBXAggregateTarget section */
		89B68C9418D90505006C7461 /* PydioSDKLipo */ = {
			isa = PBXAggregateTarget;
			buildConfigurationList = 89B68C9518D90505006C7461 /* Build configuration list for PBXAggregateTarget "PydioSDKLipo" */;
			buildPhases = (
				89B68C9818D905B5006C7461 /* ShellScript */,
			);
			dependencies = (
			);
			name = PydioSDKLipo;
			productName = PydioSDKLipo;
		};
/* End PBXAggregateTarget section */

/* Begin PBXBuildFile section */
		891A83E918DA46E0002E9FF7 /* AFHTTPRequestOperation.m in Sources */ = {isa = PBXBuildFile; fileRef = 3DFF3B1D18664EEF00A766D7 /* AFHTTPRequestOperation.m */; };
		891A83EA18DA46E0002E9FF7 /* AFHTTPRequestOperationManager.m in Sources */ = {isa = PBXBuildFile; fileRef = 3DFF3B1F18664EEF00A766D7 /* AFHTTPRequestOperationManager.m */; };
		891A83EB18DA46E0002E9FF7 /* AFHTTPSessionManager.m in Sources */ = {isa = PBXBuildFile; fileRef = 3DFF3B2118664EEF00A766D7 /* AFHTTPSessionManager.m */; };
		891A83EC18DA46E0002E9FF7 /* AFNetworkReachabilityManager.m in Sources */ = {isa = PBXBuildFile; fileRef = 3DFF3B2418664EEF00A766D7 /* AFNetworkReachabilityManager.m */; };
		891A83ED18DA46E0002E9FF7 /* AFSecurityPolicy.m in Sources */ = {isa = PBXBuildFile; fileRef = 3DFF3B2618664EEF00A766D7 /* AFSecurityPolicy.m */; };
		891A83EE18DA46E0002E9FF7 /* AFURLConnectionOperation.m in Sources */ = {isa = PBXBuildFile; fileRef = 3DFF3B2818664EEF00A766D7 /* AFURLConnectionOperation.m */; };
		891A83EF18DA46E0002E9FF7 /* AFURLRequestSerialization.m in Sources */ = {isa = PBXBuildFile; fileRef = 3DFF3B2A18664EEF00A766D7 /* AFURLRequestSerialization.m */; };
		891A83F018DA46E0002E9FF7 /* AFURLResponseSerialization.m in Sources */ = {isa = PBXBuildFile; fileRef = 3DFF3B2C18664EEF00A766D7 /* AFURLResponseSerialization.m */; };
		891A83F118DA46E0002E9FF7 /* AFURLSessionManager.m in Sources */ = {isa = PBXBuildFile; fileRef = 3DFF3B2E18664EEF00A766D7 /* AFURLSessionManager.m */; };
		892F773A191807DC00FDC727 /* PydioRequestOperationManager.m in Sources */ = {isa = PBXBuildFile; fileRef = 892F7739191807DC00FDC727 /* PydioRequestOperationManager.m */; };
		89943D8418C66CED00C07E4F /* GetSeedResponseSerializer.m in Sources */ = {isa = PBXBuildFile; fileRef = 89A9E1E618C2746B00C821D8 /* GetSeedResponseSerializer.m */; };
		89943D8518C66CED00C07E4F /* User.m in Sources */ = {isa = PBXBuildFile; fileRef = 89401309188443C90044001D /* User.m */; };
		89943D8718C66CED00C07E4F /* NSString+Hash.m in Sources */ = {isa = PBXBuildFile; fileRef = 8910F5F118786EFA0005BED4 /* NSString+Hash.m */; };
		89943D8818C66CED00C07E4F /* WorkspaceResponse.m in Sources */ = {isa = PBXBuildFile; fileRef = 89AC1ACA188DA30800ACAD7C /* WorkspaceResponse.m */; };
		89943D8918C66CED00C07E4F /* BootConfResponseSerializer.m in Sources */ = {isa = PBXBuildFile; fileRef = 8910F5F4187874430005BED4 /* BootConfResponseSerializer.m */; };
		89943D8B18C66CED00C07E4F /* AuthorizationClient.m in Sources */ = {isa = PBXBuildFile; fileRef = 89A6AA45187B4436003A6BDA /* AuthorizationClient.m */; };
		89943D8C18C66CED00C07E4F /* XMLParserState.m in Sources */ = {isa = PBXBuildFile; fileRef = 89A6F2FD189E5A9600F1763E /* XMLParserState.m */; };
		89943D8D18C66CED00C07E4F /* LoginResponse.m in Sources */ = {isa = PBXBuildFile; fileRef = 89C2A9C91878CD440051B8E6 /* LoginResponse.m */; };
		89943D8E18C66CED00C07E4F /* ServersParamsManager.m in Sources */ = {isa = PBXBuildFile; fileRef = 89401D221883318F005A030A /* ServersParamsManager.m */; };
		89943D8F18C66CED00C07E4F /* GetSeedJSONResponseSerializer.m in Sources */ = {isa = PBXBuildFile; fileRef = 89A9E1EC18C2917A00C821D8 /* GetSeedJSONResponseSerializer.m */; };
		89943D9018C66CED00C07E4F /* ErrorResponseParserDelegate.m in Sources */ = {isa = PBXBuildFile; fileRef = 89A58F0518A9796C00FCEDE5 /* ErrorResponseParserDelegate.m */; };
		89943D9218C66CED00C07E4F /* XMLResponseSerializerDelegate.m in Sources */ = {isa = PBXBuildFile; fileRef = 89AA6A1918956EFE006A22DB /* XMLResponseSerializerDelegate.m */; };
		89943D9318C66CED00C07E4F /* SeedResponse.m in Sources */ = {isa = PBXBuildFile; fileRef = 89A9E1E918C27BFA00C821D8 /* SeedResponse.m */; };
		89943D9518C66CED00C07E4F /* PydioErrorResponse.m in Sources */ = {isa = PBXBuildFile; fileRef = 89A76DD218B2BF28000D0AF1 /* PydioErrorResponse.m */; };
		89943D9718C66CED00C07E4F /* ListFilesResponseParserDelegate.m in Sources */ = {isa = PBXBuildFile; fileRef = 89AD73B3189D2C69003C8DD4 /* ListFilesResponseParserDelegate.m */; };
		89943D9818C66CED00C07E4F /* PydioSuccessResponse.m in Sources */ = {isa = PBXBuildFile; fileRef = 89A8C23118B6A6E40027B715 /* PydioSuccessResponse.m */; };
		89943D9918C66CED00C07E4F /* NodeResponse.m in Sources */ = {isa = PBXBuildFile; fileRef = 89A6F304189E73FF00F1763E /* NodeResponse.m */; };
		89943D9A18C66CED00C07E4F /* NotAuthorizedResponse.m in Sources */ = {isa = PBXBuildFile; fileRef = 89A554FE188C03F1008C1B64 /* NotAuthorizedResponse.m */; };
		89943D9C18C66CED00C07E4F /* GetSeedTextResponseSerializer.m in Sources */ = {isa = PBXBuildFile; fileRef = 8910F5F718788A7A0005BED4 /* GetSeedTextResponseSerializer.m */; };
		89943D9E18C66CED00C07E4F /* MkDirRequestParams.m in Sources */ = {isa = PBXBuildFile; fileRef = 89ADF99018BA0EE900E418CA /* MkDirRequestParams.m */; };
		89943DA218C66CED00C07E4F /* SuccessResponseParserDelegate.m in Sources */ = {isa = PBXBuildFile; fileRef = 89A8C22C18B68EC30027B715 /* SuccessResponseParserDelegate.m */; };
		89943DA318C66CED00C07E4F /* NotAuthorizedResponseParserDelegate.m in Sources */ = {isa = PBXBuildFile; fileRef = 8910F6001878A3410005BED4 /* NotAuthorizedResponseParserDelegate.m */; };
		89943DA418C66CED00C07E4F /* NSURL+Normalization.m in Sources */ = {isa = PBXBuildFile; fileRef = 89A6D1CE18A16F0A00B3A4AF /* NSURL+Normalization.m */; };
		89943DA518C66CED00C07E4F /* LoginResponseParserDelegate.m in Sources */ = {isa = PBXBuildFile; fileRef = 89C2A9C61878C4EE0051B8E6 /* LoginResponseParserDelegate.m */; };
		89943DA618C66CED00C07E4F /* XMLResponseSerializer.m in Sources */ = {isa = PBXBuildFile; fileRef = 89A6C8AA189479B600EA5D13 /* XMLResponseSerializer.m */; };
		89943DA718C66CED00C07E4F /* FailingResponseSerializer.m in Sources */ = {isa = PBXBuildFile; fileRef = 89B1B6F018A4170400EC79C5 /* FailingResponseSerializer.m */; };
		89943DA818C66CED00C07E4F /* RepositoriesParserDelegate.m in Sources */ = {isa = PBXBuildFile; fileRef = 89B3560B188C70A500C62728 /* RepositoriesParserDelegate.m */; };
		89943DA918C66CED00C07E4F /* PydioClient.m in Sources */ = {isa = PBXBuildFile; fileRef = 89B429EA187F4BAB005F6580 /* PydioClient.m */; };
		89943DAA18C66CED00C07E4F /* OperationsClient.m in Sources */ = {isa = PBXBuildFile; fileRef = 89A84FF31885F5B800AFC2F0 /* OperationsClient.m */; };
		89943DAB18C66CED00C07E4F /* DeleteNodesRequestParams.m in Sources */ = {isa = PBXBuildFile; fileRef = 89A88C1B18BA951600DAE087 /* DeleteNodesRequestParams.m */; };
		89943DAC18C66CED00C07E4F /* ListNodesRequestParams.m in Sources */ = {isa = PBXBuildFile; fileRef = 89A7691818A4391A0056A61F /* ListNodesRequestParams.m */; };
		89943DAD18C66CED00C07E4F /* GetRepositoriesParserStates.m in Sources */ = {isa = PBXBuildFile; fileRef = 89AC1AC7188D8CAD00ACAD7C /* GetRepositoriesParserStates.m */; };
		89943DAE18C66CED00C07E4F /* NotAuthorizedResponseSerializerDelegateTests.m in Sources */ = {isa = PBXBuildFile; fileRef = 89AA6A2018957FF9006A22DB /* NotAuthorizedResponseSerializerDelegateTests.m */; };
		89943DAF18C66CED00C07E4F /* GetSeedResponseSerializerTests.m in Sources */ = {isa = PBXBuildFile; fileRef = 89A6C8A4189469A200EA5D13 /* GetSeedResponseSerializerTests.m */; };
		89943DB018C66CED00C07E4F /* ListFilesResponseParserDelegateTests.m in Sources */ = {isa = PBXBuildFile; fileRef = 89AD73B5189D3449003C8DD4 /* ListFilesResponseParserDelegateTests.m */; };
		89943DB118C66CED00C07E4F /* LoginResponseParserDelegateTests.m in Sources */ = {isa = PBXBuildFile; fileRef = 89BD973F1891A2710054CFA2 /* LoginResponseParserDelegateTests.m */; };
		89943DB218C66CED00C07E4F /* SuccessResponseParserDelegateTests.m in Sources */ = {isa = PBXBuildFile; fileRef = 89A8C22E18B68F780027B715 /* SuccessResponseParserDelegateTests.m */; };
		89943DB318C66CED00C07E4F /* RepositoriesParserDelegateTests.m in Sources */ = {isa = PBXBuildFile; fileRef = 89AC1AD1188DDFB300ACAD7C /* RepositoriesParserDelegateTests.m */; };
		89943DB418C66CED00C07E4F /* ServersParamsManagerTests.m in Sources */ = {isa = PBXBuildFile; fileRef = 89B13A9C18917A13007282EB /* ServersParamsManagerTests.m */; };
		89943DB518C66CED00C07E4F /* OperationsClientTests.m in Sources */ = {isa = PBXBuildFile; fileRef = 89C0880118B52A6100103985 /* OperationsClientTests.m */; };
		89943DB618C66CED00C07E4F /* AuthorizationClientTests.m in Sources */ = {isa = PBXBuildFile; fileRef = 89A6AA41187B1E31003A6BDA /* AuthorizationClientTests.m */; };
		89943DB718C66CED00C07E4F /* GetSeedJSONResponseSerializerTests.m in Sources */ = {isa = PBXBuildFile; fileRef = 89B567B618C34C5600F8EABA /* GetSeedJSONResponseSerializerTests.m */; };
		89943DB818C66CED00C07E4F /* PydioClientTests.m in Sources */ = {isa = PBXBuildFile; fileRef = 89B429EC187F4BD0005F6580 /* PydioClientTests.m */; };
		89943DB918C66CED00C07E4F /* BootConfResponseSerializerTests.m in Sources */ = {isa = PBXBuildFile; fileRef = 89A6AA3E187B0A30003A6BDA /* BootConfResponseSerializerTests.m */; };
		89943DBA18C66CED00C07E4F /* LoginResponseSerializerDelegateTests.m in Sources */ = {isa = PBXBuildFile; fileRef = 89AA6A1E18957FE9006A22DB /* LoginResponseSerializerDelegateTests.m */; };
		89943DBB18C66CED00C07E4F /* NotAuthorizedResponseParserDelegateTests.m in Sources */ = {isa = PBXBuildFile; fileRef = 89ABACFA1893B3E200E1420D /* NotAuthorizedResponseParserDelegateTests.m */; };
		89943DBC18C66CED00C07E4F /* XCTestCase+XMLFixture.m in Sources */ = {isa = PBXBuildFile; fileRef = 89ABAD011893D51400E1420D /* XCTestCase+XMLFixture.m */; };
		89943DBD18C66CED00C07E4F /* WorkspacesResponseSerializerDelegateTests.m in Sources */ = {isa = PBXBuildFile; fileRef = 89AA6A221895800A006A22DB /* WorkspacesResponseSerializerDelegateTests.m */; };
		89943DBE18C66CED00C07E4F /* ErrorResponseParserDelegateTests.m in Sources */ = {isa = PBXBuildFile; fileRef = 89A58F0718A97FD600FCEDE5 /* ErrorResponseParserDelegateTests.m */; };
		89943DBF18C66CED00C07E4F /* XMLResponseSerializerTests.m in Sources */ = {isa = PBXBuildFile; fileRef = 89A6C8AD18947ED600EA5D13 /* XMLResponseSerializerTests.m */; };
		89943DC018C66CED00C07E4F /* FailingResponseSerializerTests.m in Sources */ = {isa = PBXBuildFile; fileRef = 89B1B6F218A41B1500EC79C5 /* FailingResponseSerializerTests.m */; };
		89943DC118C66CED00C07E4F /* ListFilesResponseSerializerDelegateTests.m in Sources */ = {isa = PBXBuildFile; fileRef = 89A76DCF18B2B0C8000D0AF1 /* ListFilesResponseSerializerDelegateTests.m */; };
		89943DC218C66CED00C07E4F /* ErrorResponseSerializerDelegateTests.m in Sources */ = {isa = PBXBuildFile; fileRef = 89ABF21418AD773500594B2E /* ErrorResponseSerializerDelegateTests.m */; };
		89943DC318C66CED00C07E4F /* BlocksCallResult.m in Sources */ = {isa = PBXBuildFile; fileRef = 89C0880418B532F900103985 /* BlocksCallResult.m */; };
		89943DC418C66CED00C07E4F /* GetSeedTextResponseSerializerTests.m in Sources */ = {isa = PBXBuildFile; fileRef = 89B567B418C34C3500F8EABA /* GetSeedTextResponseSerializerTests.m */; };
		89943DC518C66CED00C07E4F /* OCHamcrestIOS.framework in Frameworks */ = {isa = PBXBuildFile; fileRef = 89AA1A741879AF0900679E04 /* OCHamcrestIOS.framework */; };
		89943DC618C66CED00C07E4F /* OCMockitoIOS.framework in Frameworks */ = {isa = PBXBuildFile; fileRef = 89AA1A781879B54C00679E04 /* OCMockitoIOS.framework */; };
		89943DC718C6730A00C07E4F /* unathorized_response.xml in Resources */ = {isa = PBXBuildFile; fileRef = 89ABACFC1893BDC800E1420D /* unathorized_response.xml */; };
		89943DC818C6730A00C07E4F /* error_response.xml in Resources */ = {isa = PBXBuildFile; fileRef = 89A58F0918A9878600FCEDE5 /* error_response.xml */; };
		89943DC918C6730A00C07E4F /* mkdir_success_response.xml in Resources */ = {isa = PBXBuildFile; fileRef = 89A8C22918B687930027B715 /* mkdir_success_response.xml */; };
		89943DCA18C6730A00C07E4F /* login_response.xml in Resources */ = {isa = PBXBuildFile; fileRef = 89BD973D1891A20C0054CFA2 /* login_response.xml */; };
		89943DCB18C6730A00C07E4F /* unathorized_response2.xml in Resources */ = {isa = PBXBuildFile; fileRef = 89ABACFE1893BEF700E1420D /* unathorized_response2.xml */; };
		89943DCC18C6730A00C07E4F /* ls_response.xml in Resources */ = {isa = PBXBuildFile; fileRef = 89AD73B7189D3602003C8DD4 /* ls_response.xml */; };
		89943DCD18C6730A00C07E4F /* ls_response2.xml in Resources */ = {isa = PBXBuildFile; fileRef = 89A6F2F9189E3FDA00F1763E /* ls_response2.xml */; };
		89943DCF18C6730A00C07E4F /* get_registers_response.xml in Resources */ = {isa = PBXBuildFile; fileRef = 89AC1AD4188DE98600ACAD7C /* get_registers_response.xml */; };
		89A8DBA218DF1D5400DC6BAA /* GetCaptchaResponseSerializer.m in Sources */ = {isa = PBXBuildFile; fileRef = 89A8DBA118DF1D5400DC6BAA /* GetCaptchaResponseSerializer.m */; };
		89B08E9918DA2D9A0041660A /* Commons.h in CopyFiles */ = {isa = PBXBuildFile; fileRef = 89B08E9818DA28400041660A /* Commons.h */; };
		89B68C8B18D9025A006C7461 /* PydioClient.h in CopyFiles */ = {isa = PBXBuildFile; fileRef = 89B429E9187F4BAB005F6580 /* PydioClient.h */; };
		89B68C8C18D9025A006C7461 /* DeleteNodesRequestParams.h in CopyFiles */ = {isa = PBXBuildFile; fileRef = 89A88C1A18BA951600DAE087 /* DeleteNodesRequestParams.h */; };
		89B68C8D18D9025A006C7461 /* ListNodesRequestParams.h in CopyFiles */ = {isa = PBXBuildFile; fileRef = 89A7691718A4391A0056A61F /* ListNodesRequestParams.h */; };
		89B68C8E18D9025A006C7461 /* MkDirRequestParams.h in CopyFiles */ = {isa = PBXBuildFile; fileRef = 89ADF98F18BA0EE900E418CA /* MkDirRequestParams.h */; };
		89B68C8F18D9025A006C7461 /* NodeResponse.h in CopyFiles */ = {isa = PBXBuildFile; fileRef = 89A6F303189E73FF00F1763E /* NodeResponse.h */; };
		89B68C9018D9025A006C7461 /* WorkspaceResponse.h in CopyFiles */ = {isa = PBXBuildFile; fileRef = 89AC1AC9188DA30800ACAD7C /* WorkspaceResponse.h */; };
		89B68C9118D9025A006C7461 /* User.h in CopyFiles */ = {isa = PBXBuildFile; fileRef = 89401308188443C90044001D /* User.h */; };
		89B68C9218D9025A006C7461 /* PydioErrors.h in CopyFiles */ = {isa = PBXBuildFile; fileRef = 89E5A14B1887156F001CE77D /* PydioErrors.h */; };
		89B68C9318D9025A006C7461 /* ServersParamsManager.h in CopyFiles */ = {isa = PBXBuildFile; fileRef = 89401D211883318F005A030A /* ServersParamsManager.h */; };
		89B863A118C52135009EA040 /* Foundation.framework in Frameworks */ = {isa = PBXBuildFile; fileRef = 3DFF3AE5186648C900A766D7 /* Foundation.framework */; };
		89B863AE18C52135009EA040 /* XCTest.framework in Frameworks */ = {isa = PBXBuildFile; fileRef = 3DFF3B04186648C900A766D7 /* XCTest.framework */; };
		89B863AF18C52135009EA040 /* Foundation.framework in Frameworks */ = {isa = PBXBuildFile; fileRef = 3DFF3AE5186648C900A766D7 /* Foundation.framework */; };
		89B863B318C52135009EA040 /* libPydioSDK.a in Frameworks */ = {isa = PBXBuildFile; fileRef = 89B863A018C52135009EA040 /* libPydioSDK.a */; };
		89C77BAE18F1BDDE0016B2DC /* UnsignedIntegerBlockCallResult.m in Sources */ = {isa = PBXBuildFile; fileRef = 89C77BAD18F1BDDE0016B2DC /* UnsignedIntegerBlockCallResult.m */; };
/* End PBXBuildFile section */

/* Begin PBXContainerItemProxy section */
		89B863B118C52135009EA040 /* PBXContainerItemProxy */ = {
			isa = PBXContainerItemProxy;
			containerPortal = 3DFF3ADA186648C900A766D7 /* Project object */;
			proxyType = 1;
			remoteGlobalIDString = 89B8639F18C52135009EA040;
			remoteInfo = libPydioSDK;
		};
/* End PBXContainerItemProxy section */

/* Begin PBXCopyFilesBuildPhase section */
		89B8639E18C52135009EA040 /* CopyFiles */ = {
			isa = PBXCopyFilesBuildPhase;
			buildActionMask = 2147483647;
			dstPath = "include/$(PRODUCT_NAME)";
			dstSubfolderSpec = 16;
			files = (
				89B08E9918DA2D9A0041660A /* Commons.h in CopyFiles */,
				89B68C8B18D9025A006C7461 /* PydioClient.h in CopyFiles */,
				89B68C8C18D9025A006C7461 /* DeleteNodesRequestParams.h in CopyFiles */,
				89B68C8D18D9025A006C7461 /* ListNodesRequestParams.h in CopyFiles */,
				89B68C8E18D9025A006C7461 /* MkDirRequestParams.h in CopyFiles */,
				89B68C8F18D9025A006C7461 /* NodeResponse.h in CopyFiles */,
				89B68C9018D9025A006C7461 /* WorkspaceResponse.h in CopyFiles */,
				89B68C9118D9025A006C7461 /* User.h in CopyFiles */,
				89B68C9218D9025A006C7461 /* PydioErrors.h in CopyFiles */,
				89B68C9318D9025A006C7461 /* ServersParamsManager.h in CopyFiles */,
			);
			runOnlyForDeploymentPostprocessing = 0;
		};
/* End PBXCopyFilesBuildPhase section */

/* Begin PBXFileReference section */
		3DFF3AE5186648C900A766D7 /* Foundation.framework */ = {isa = PBXFileReference; lastKnownFileType = wrapper.framework; name = Foundation.framework; path = System/Library/Frameworks/Foundation.framework; sourceTree = SDKROOT; };
		3DFF3B04186648C900A766D7 /* XCTest.framework */ = {isa = PBXFileReference; lastKnownFileType = wrapper.framework; name = XCTest.framework; path = Library/Frameworks/XCTest.framework; sourceTree = DEVELOPER_DIR; };
		3DFF3B1C18664EEF00A766D7 /* AFHTTPRequestOperation.h */ = {isa = PBXFileReference; fileEncoding = 4; lastKnownFileType = sourcecode.c.h; path = AFHTTPRequestOperation.h; sourceTree = "<group>"; };
		3DFF3B1D18664EEF00A766D7 /* AFHTTPRequestOperation.m */ = {isa = PBXFileReference; fileEncoding = 4; lastKnownFileType = sourcecode.c.objc; path = AFHTTPRequestOperation.m; sourceTree = "<group>"; };
		3DFF3B1E18664EEF00A766D7 /* AFHTTPRequestOperationManager.h */ = {isa = PBXFileReference; fileEncoding = 4; lastKnownFileType = sourcecode.c.h; path = AFHTTPRequestOperationManager.h; sourceTree = "<group>"; };
		3DFF3B1F18664EEF00A766D7 /* AFHTTPRequestOperationManager.m */ = {isa = PBXFileReference; fileEncoding = 4; lastKnownFileType = sourcecode.c.objc; path = AFHTTPRequestOperationManager.m; sourceTree = "<group>"; };
		3DFF3B2018664EEF00A766D7 /* AFHTTPSessionManager.h */ = {isa = PBXFileReference; fileEncoding = 4; lastKnownFileType = sourcecode.c.h; path = AFHTTPSessionManager.h; sourceTree = "<group>"; };
		3DFF3B2118664EEF00A766D7 /* AFHTTPSessionManager.m */ = {isa = PBXFileReference; fileEncoding = 4; lastKnownFileType = sourcecode.c.objc; path = AFHTTPSessionManager.m; sourceTree = "<group>"; };
		3DFF3B2218664EEF00A766D7 /* AFNetworking.h */ = {isa = PBXFileReference; fileEncoding = 4; lastKnownFileType = sourcecode.c.h; path = AFNetworking.h; sourceTree = "<group>"; };
		3DFF3B2318664EEF00A766D7 /* AFNetworkReachabilityManager.h */ = {isa = PBXFileReference; fileEncoding = 4; lastKnownFileType = sourcecode.c.h; path = AFNetworkReachabilityManager.h; sourceTree = "<group>"; };
		3DFF3B2418664EEF00A766D7 /* AFNetworkReachabilityManager.m */ = {isa = PBXFileReference; fileEncoding = 4; lastKnownFileType = sourcecode.c.objc; path = AFNetworkReachabilityManager.m; sourceTree = "<group>"; };
		3DFF3B2518664EEF00A766D7 /* AFSecurityPolicy.h */ = {isa = PBXFileReference; fileEncoding = 4; lastKnownFileType = sourcecode.c.h; path = AFSecurityPolicy.h; sourceTree = "<group>"; };
		3DFF3B2618664EEF00A766D7 /* AFSecurityPolicy.m */ = {isa = PBXFileReference; fileEncoding = 4; lastKnownFileType = sourcecode.c.objc; path = AFSecurityPolicy.m; sourceTree = "<group>"; };
		3DFF3B2718664EEF00A766D7 /* AFURLConnectionOperation.h */ = {isa = PBXFileReference; fileEncoding = 4; lastKnownFileType = sourcecode.c.h; path = AFURLConnectionOperation.h; sourceTree = "<group>"; };
		3DFF3B2818664EEF00A766D7 /* AFURLConnectionOperation.m */ = {isa = PBXFileReference; fileEncoding = 4; lastKnownFileType = sourcecode.c.objc; path = AFURLConnectionOperation.m; sourceTree = "<group>"; };
		3DFF3B2918664EEF00A766D7 /* AFURLRequestSerialization.h */ = {isa = PBXFileReference; fileEncoding = 4; lastKnownFileType = sourcecode.c.h; path = AFURLRequestSerialization.h; sourceTree = "<group>"; };
		3DFF3B2A18664EEF00A766D7 /* AFURLRequestSerialization.m */ = {isa = PBXFileReference; fileEncoding = 4; lastKnownFileType = sourcecode.c.objc; path = AFURLRequestSerialization.m; sourceTree = "<group>"; };
		3DFF3B2B18664EEF00A766D7 /* AFURLResponseSerialization.h */ = {isa = PBXFileReference; fileEncoding = 4; lastKnownFileType = sourcecode.c.h; path = AFURLResponseSerialization.h; sourceTree = "<group>"; };
		3DFF3B2C18664EEF00A766D7 /* AFURLResponseSerialization.m */ = {isa = PBXFileReference; fileEncoding = 4; lastKnownFileType = sourcecode.c.objc; path = AFURLResponseSerialization.m; sourceTree = "<group>"; };
		3DFF3B2D18664EEF00A766D7 /* AFURLSessionManager.h */ = {isa = PBXFileReference; fileEncoding = 4; lastKnownFileType = sourcecode.c.h; path = AFURLSessionManager.h; sourceTree = "<group>"; };
		3DFF3B2E18664EEF00A766D7 /* AFURLSessionManager.m */ = {isa = PBXFileReference; fileEncoding = 4; lastKnownFileType = sourcecode.c.objc; path = AFURLSessionManager.m; sourceTree = "<group>"; };
		8910F5F018786EFA0005BED4 /* NSString+Hash.h */ = {isa = PBXFileReference; fileEncoding = 4; lastKnownFileType = sourcecode.c.h; path = "NSString+Hash.h"; sourceTree = "<group>"; };
		8910F5F118786EFA0005BED4 /* NSString+Hash.m */ = {isa = PBXFileReference; fileEncoding = 4; lastKnownFileType = sourcecode.c.objc; path = "NSString+Hash.m"; sourceTree = "<group>"; };
		8910F5F3187874430005BED4 /* BootConfResponseSerializer.h */ = {isa = PBXFileReference; fileEncoding = 4; lastKnownFileType = sourcecode.c.h; path = BootConfResponseSerializer.h; sourceTree = "<group>"; };
		8910F5F4187874430005BED4 /* BootConfResponseSerializer.m */ = {isa = PBXFileReference; fileEncoding = 4; lastKnownFileType = sourcecode.c.objc; path = BootConfResponseSerializer.m; sourceTree = "<group>"; };
		8910F5F618788A7A0005BED4 /* GetSeedTextResponseSerializer.h */ = {isa = PBXFileReference; fileEncoding = 4; lastKnownFileType = sourcecode.c.h; path = GetSeedTextResponseSerializer.h; sourceTree = "<group>"; };
		8910F5F718788A7A0005BED4 /* GetSeedTextResponseSerializer.m */ = {isa = PBXFileReference; fileEncoding = 4; lastKnownFileType = sourcecode.c.objc; path = GetSeedTextResponseSerializer.m; sourceTree = "<group>"; };
		8910F5FF1878A3410005BED4 /* NotAuthorizedResponseParserDelegate.h */ = {isa = PBXFileReference; fileEncoding = 4; lastKnownFileType = sourcecode.c.h; path = NotAuthorizedResponseParserDelegate.h; sourceTree = "<group>"; };
		8910F6001878A3410005BED4 /* NotAuthorizedResponseParserDelegate.m */ = {isa = PBXFileReference; fileEncoding = 4; lastKnownFileType = sourcecode.c.objc; path = NotAuthorizedResponseParserDelegate.m; sourceTree = "<group>"; };
		892F7738191807DC00FDC727 /* PydioRequestOperationManager.h */ = {isa = PBXFileReference; fileEncoding = 4; lastKnownFileType = sourcecode.c.h; path = PydioRequestOperationManager.h; sourceTree = "<group>"; };
		892F7739191807DC00FDC727 /* PydioRequestOperationManager.m */ = {isa = PBXFileReference; fileEncoding = 4; lastKnownFileType = sourcecode.c.objc; path = PydioRequestOperationManager.m; sourceTree = "<group>"; };
		89401308188443C90044001D /* User.h */ = {isa = PBXFileReference; fileEncoding = 4; lastKnownFileType = sourcecode.c.h; path = User.h; sourceTree = "<group>"; };
		89401309188443C90044001D /* User.m */ = {isa = PBXFileReference; fileEncoding = 4; lastKnownFileType = sourcecode.c.objc; path = User.m; sourceTree = "<group>"; };
		89401D211883318F005A030A /* ServersParamsManager.h */ = {isa = PBXFileReference; fileEncoding = 4; lastKnownFileType = sourcecode.c.h; path = ServersParamsManager.h; sourceTree = "<group>"; };
		89401D221883318F005A030A /* ServersParamsManager.m */ = {isa = PBXFileReference; fileEncoding = 4; lastKnownFileType = sourcecode.c.objc; path = ServersParamsManager.m; sourceTree = "<group>"; };
		89A554FD188C03F1008C1B64 /* NotAuthorizedResponse.h */ = {isa = PBXFileReference; fileEncoding = 4; lastKnownFileType = sourcecode.c.h; path = NotAuthorizedResponse.h; sourceTree = "<group>"; };
		89A554FE188C03F1008C1B64 /* NotAuthorizedResponse.m */ = {isa = PBXFileReference; fileEncoding = 4; lastKnownFileType = sourcecode.c.objc; path = NotAuthorizedResponse.m; sourceTree = "<group>"; };
		89A58F0418A9796C00FCEDE5 /* ErrorResponseParserDelegate.h */ = {isa = PBXFileReference; fileEncoding = 4; lastKnownFileType = sourcecode.c.h; path = ErrorResponseParserDelegate.h; sourceTree = "<group>"; };
		89A58F0518A9796C00FCEDE5 /* ErrorResponseParserDelegate.m */ = {isa = PBXFileReference; fileEncoding = 4; lastKnownFileType = sourcecode.c.objc; path = ErrorResponseParserDelegate.m; sourceTree = "<group>"; };
		89A58F0718A97FD600FCEDE5 /* ErrorResponseParserDelegateTests.m */ = {isa = PBXFileReference; fileEncoding = 4; lastKnownFileType = sourcecode.c.objc; path = ErrorResponseParserDelegateTests.m; sourceTree = "<group>"; };
		89A58F0918A9878600FCEDE5 /* error_response.xml */ = {isa = PBXFileReference; fileEncoding = 4; lastKnownFileType = text.xml; path = error_response.xml; sourceTree = "<group>"; };
		89A6AA3E187B0A30003A6BDA /* BootConfResponseSerializerTests.m */ = {isa = PBXFileReference; fileEncoding = 4; lastKnownFileType = sourcecode.c.objc; path = BootConfResponseSerializerTests.m; sourceTree = "<group>"; };
		89A6AA41187B1E31003A6BDA /* AuthorizationClientTests.m */ = {isa = PBXFileReference; fileEncoding = 4; lastKnownFileType = sourcecode.c.objc; path = AuthorizationClientTests.m; sourceTree = "<group>"; };
		89A6AA44187B4436003A6BDA /* AuthorizationClient.h */ = {isa = PBXFileReference; fileEncoding = 4; lastKnownFileType = sourcecode.c.h; path = AuthorizationClient.h; sourceTree = "<group>"; };
		89A6AA45187B4436003A6BDA /* AuthorizationClient.m */ = {isa = PBXFileReference; fileEncoding = 4; lastKnownFileType = sourcecode.c.objc; path = AuthorizationClient.m; sourceTree = "<group>"; };
		89A6C8A4189469A200EA5D13 /* GetSeedResponseSerializerTests.m */ = {isa = PBXFileReference; fileEncoding = 4; lastKnownFileType = sourcecode.c.objc; path = GetSeedResponseSerializerTests.m; sourceTree = "<group>"; };
		89A6C8A9189479B600EA5D13 /* XMLResponseSerializer.h */ = {isa = PBXFileReference; fileEncoding = 4; lastKnownFileType = sourcecode.c.h; path = XMLResponseSerializer.h; sourceTree = "<group>"; };
		89A6C8AA189479B600EA5D13 /* XMLResponseSerializer.m */ = {isa = PBXFileReference; fileEncoding = 4; lastKnownFileType = sourcecode.c.objc; path = XMLResponseSerializer.m; sourceTree = "<group>"; };
		89A6C8AC18947AB400EA5D13 /* XMLResponseSerializerDelegate.h */ = {isa = PBXFileReference; lastKnownFileType = sourcecode.c.h; path = XMLResponseSerializerDelegate.h; sourceTree = "<group>"; };
		89A6C8AD18947ED600EA5D13 /* XMLResponseSerializerTests.m */ = {isa = PBXFileReference; fileEncoding = 4; lastKnownFileType = sourcecode.c.objc; path = XMLResponseSerializerTests.m; sourceTree = "<group>"; };
		89A6D1CD18A16F0A00B3A4AF /* NSURL+Normalization.h */ = {isa = PBXFileReference; fileEncoding = 4; lastKnownFileType = sourcecode.c.h; path = "NSURL+Normalization.h"; sourceTree = "<group>"; };
		89A6D1CE18A16F0A00B3A4AF /* NSURL+Normalization.m */ = {isa = PBXFileReference; fileEncoding = 4; lastKnownFileType = sourcecode.c.objc; path = "NSURL+Normalization.m"; sourceTree = "<group>"; };
		89A6F2F9189E3FDA00F1763E /* ls_response2.xml */ = {isa = PBXFileReference; fileEncoding = 4; lastKnownFileType = text.xml; path = ls_response2.xml; sourceTree = "<group>"; };
		89A6F2FB189E55D500F1763E /* ParserStateDelgate.h */ = {isa = PBXFileReference; lastKnownFileType = sourcecode.c.h; path = ParserStateDelgate.h; sourceTree = "<group>"; };
		89A6F2FC189E5A9600F1763E /* XMLParserState.h */ = {isa = PBXFileReference; fileEncoding = 4; lastKnownFileType = sourcecode.c.h; path = XMLParserState.h; sourceTree = "<group>"; };
		89A6F2FD189E5A9600F1763E /* XMLParserState.m */ = {isa = PBXFileReference; fileEncoding = 4; lastKnownFileType = sourcecode.c.objc; path = XMLParserState.m; sourceTree = "<group>"; };
		89A6F303189E73FF00F1763E /* NodeResponse.h */ = {isa = PBXFileReference; fileEncoding = 4; lastKnownFileType = sourcecode.c.h; path = NodeResponse.h; sourceTree = "<group>"; };
		89A6F304189E73FF00F1763E /* NodeResponse.m */ = {isa = PBXFileReference; fileEncoding = 4; lastKnownFileType = sourcecode.c.objc; path = NodeResponse.m; sourceTree = "<group>"; };
		89A7691718A4391A0056A61F /* ListNodesRequestParams.h */ = {isa = PBXFileReference; fileEncoding = 4; lastKnownFileType = sourcecode.c.h; path = ListNodesRequestParams.h; sourceTree = "<group>"; };
		89A7691818A4391A0056A61F /* ListNodesRequestParams.m */ = {isa = PBXFileReference; fileEncoding = 4; lastKnownFileType = sourcecode.c.objc; path = ListNodesRequestParams.m; sourceTree = "<group>"; };
		89A76DCF18B2B0C8000D0AF1 /* ListFilesResponseSerializerDelegateTests.m */ = {isa = PBXFileReference; fileEncoding = 4; lastKnownFileType = sourcecode.c.objc; path = ListFilesResponseSerializerDelegateTests.m; sourceTree = "<group>"; };
		89A76DD118B2BF28000D0AF1 /* PydioErrorResponse.h */ = {isa = PBXFileReference; fileEncoding = 4; lastKnownFileType = sourcecode.c.h; path = PydioErrorResponse.h; sourceTree = "<group>"; };
		89A76DD218B2BF28000D0AF1 /* PydioErrorResponse.m */ = {isa = PBXFileReference; fileEncoding = 4; lastKnownFileType = sourcecode.c.objc; path = PydioErrorResponse.m; sourceTree = "<group>"; };
		89A84FF21885F5B800AFC2F0 /* OperationsClient.h */ = {isa = PBXFileReference; fileEncoding = 4; lastKnownFileType = sourcecode.c.h; path = OperationsClient.h; sourceTree = "<group>"; };
		89A84FF31885F5B800AFC2F0 /* OperationsClient.m */ = {isa = PBXFileReference; fileEncoding = 4; lastKnownFileType = sourcecode.c.objc; path = OperationsClient.m; sourceTree = "<group>"; };
		89A88C1A18BA951600DAE087 /* DeleteNodesRequestParams.h */ = {isa = PBXFileReference; fileEncoding = 4; lastKnownFileType = sourcecode.c.h; path = DeleteNodesRequestParams.h; sourceTree = "<group>"; };
		89A88C1B18BA951600DAE087 /* DeleteNodesRequestParams.m */ = {isa = PBXFileReference; fileEncoding = 4; lastKnownFileType = sourcecode.c.objc; path = DeleteNodesRequestParams.m; sourceTree = "<group>"; };
		89A8C22918B687930027B715 /* mkdir_success_response.xml */ = {isa = PBXFileReference; fileEncoding = 4; lastKnownFileType = text.xml; path = mkdir_success_response.xml; sourceTree = "<group>"; };
		89A8C22B18B68EC30027B715 /* SuccessResponseParserDelegate.h */ = {isa = PBXFileReference; fileEncoding = 4; lastKnownFileType = sourcecode.c.h; path = SuccessResponseParserDelegate.h; sourceTree = "<group>"; };
		89A8C22C18B68EC30027B715 /* SuccessResponseParserDelegate.m */ = {isa = PBXFileReference; fileEncoding = 4; lastKnownFileType = sourcecode.c.objc; path = SuccessResponseParserDelegate.m; sourceTree = "<group>"; };
		89A8C22E18B68F780027B715 /* SuccessResponseParserDelegateTests.m */ = {isa = PBXFileReference; fileEncoding = 4; lastKnownFileType = sourcecode.c.objc; path = SuccessResponseParserDelegateTests.m; sourceTree = "<group>"; };
		89A8C23018B6A6E40027B715 /* PydioSuccessResponse.h */ = {isa = PBXFileReference; fileEncoding = 4; lastKnownFileType = sourcecode.c.h; path = PydioSuccessResponse.h; sourceTree = "<group>"; };
		89A8C23118B6A6E40027B715 /* PydioSuccessResponse.m */ = {isa = PBXFileReference; fileEncoding = 4; lastKnownFileType = sourcecode.c.objc; path = PydioSuccessResponse.m; sourceTree = "<group>"; };
		89A8DBA018DF1D5400DC6BAA /* GetCaptchaResponseSerializer.h */ = {isa = PBXFileReference; fileEncoding = 4; lastKnownFileType = sourcecode.c.h; path = GetCaptchaResponseSerializer.h; sourceTree = "<group>"; };
		89A8DBA118DF1D5400DC6BAA /* GetCaptchaResponseSerializer.m */ = {isa = PBXFileReference; fileEncoding = 4; lastKnownFileType = sourcecode.c.objc; path = GetCaptchaResponseSerializer.m; sourceTree = "<group>"; };
		89A9E1E518C2746B00C821D8 /* GetSeedResponseSerializer.h */ = {isa = PBXFileReference; fileEncoding = 4; lastKnownFileType = sourcecode.c.h; path = GetSeedResponseSerializer.h; sourceTree = "<group>"; };
		89A9E1E618C2746B00C821D8 /* GetSeedResponseSerializer.m */ = {isa = PBXFileReference; fileEncoding = 4; lastKnownFileType = sourcecode.c.objc; path = GetSeedResponseSerializer.m; sourceTree = "<group>"; };
		89A9E1E818C27BFA00C821D8 /* SeedResponse.h */ = {isa = PBXFileReference; fileEncoding = 4; lastKnownFileType = sourcecode.c.h; path = SeedResponse.h; sourceTree = "<group>"; };
		89A9E1E918C27BFA00C821D8 /* SeedResponse.m */ = {isa = PBXFileReference; fileEncoding = 4; lastKnownFileType = sourcecode.c.objc; path = SeedResponse.m; sourceTree = "<group>"; };
		89A9E1EB18C2917A00C821D8 /* GetSeedJSONResponseSerializer.h */ = {isa = PBXFileReference; fileEncoding = 4; lastKnownFileType = sourcecode.c.h; path = GetSeedJSONResponseSerializer.h; sourceTree = "<group>"; };
		89A9E1EC18C2917A00C821D8 /* GetSeedJSONResponseSerializer.m */ = {isa = PBXFileReference; fileEncoding = 4; lastKnownFileType = sourcecode.c.objc; path = GetSeedJSONResponseSerializer.m; sourceTree = "<group>"; };
		89AA1A741879AF0900679E04 /* OCHamcrestIOS.framework */ = {isa = PBXFileReference; lastKnownFileType = wrapper.framework; name = OCHamcrestIOS.framework; path = Frameworks/OCHamcrestIOS.framework; sourceTree = "<group>"; };
		89AA1A781879B54C00679E04 /* OCMockitoIOS.framework */ = {isa = PBXFileReference; lastKnownFileType = wrapper.framework; name = OCMockitoIOS.framework; path = Frameworks/OCMockitoIOS.framework; sourceTree = "<group>"; };
		89AA6A1918956EFE006A22DB /* XMLResponseSerializerDelegate.m */ = {isa = PBXFileReference; fileEncoding = 4; lastKnownFileType = sourcecode.c.objc; path = XMLResponseSerializerDelegate.m; sourceTree = "<group>"; };
		89AA6A1E18957FE9006A22DB /* LoginResponseSerializerDelegateTests.m */ = {isa = PBXFileReference; fileEncoding = 4; lastKnownFileType = sourcecode.c.objc; path = LoginResponseSerializerDelegateTests.m; sourceTree = "<group>"; };
		89AA6A2018957FF9006A22DB /* NotAuthorizedResponseSerializerDelegateTests.m */ = {isa = PBXFileReference; fileEncoding = 4; lastKnownFileType = sourcecode.c.objc; path = NotAuthorizedResponseSerializerDelegateTests.m; sourceTree = "<group>"; };
		89AA6A221895800A006A22DB /* WorkspacesResponseSerializerDelegateTests.m */ = {isa = PBXFileReference; fileEncoding = 4; lastKnownFileType = sourcecode.c.objc; path = WorkspacesResponseSerializerDelegateTests.m; sourceTree = "<group>"; };
		89ABACFA1893B3E200E1420D /* NotAuthorizedResponseParserDelegateTests.m */ = {isa = PBXFileReference; fileEncoding = 4; lastKnownFileType = sourcecode.c.objc; path = NotAuthorizedResponseParserDelegateTests.m; sourceTree = "<group>"; };
		89ABACFC1893BDC800E1420D /* unathorized_response.xml */ = {isa = PBXFileReference; fileEncoding = 4; lastKnownFileType = text.xml; path = unathorized_response.xml; sourceTree = "<group>"; };
		89ABACFE1893BEF700E1420D /* unathorized_response2.xml */ = {isa = PBXFileReference; fileEncoding = 4; lastKnownFileType = text.xml; path = unathorized_response2.xml; sourceTree = "<group>"; };
		89ABAD001893D51400E1420D /* XCTestCase+XMLFixture.h */ = {isa = PBXFileReference; fileEncoding = 4; lastKnownFileType = sourcecode.c.h; path = "XCTestCase+XMLFixture.h"; sourceTree = "<group>"; };
		89ABAD011893D51400E1420D /* XCTestCase+XMLFixture.m */ = {isa = PBXFileReference; fileEncoding = 4; lastKnownFileType = sourcecode.c.objc; path = "XCTestCase+XMLFixture.m"; sourceTree = "<group>"; };
		89ABF21418AD773500594B2E /* ErrorResponseSerializerDelegateTests.m */ = {isa = PBXFileReference; fileEncoding = 4; lastKnownFileType = sourcecode.c.objc; path = ErrorResponseSerializerDelegateTests.m; sourceTree = "<group>"; };
		89AC1AC6188D8CAD00ACAD7C /* GetRepositoriesParserStates.h */ = {isa = PBXFileReference; fileEncoding = 4; lastKnownFileType = sourcecode.c.h; path = GetRepositoriesParserStates.h; sourceTree = "<group>"; };
		89AC1AC7188D8CAD00ACAD7C /* GetRepositoriesParserStates.m */ = {isa = PBXFileReference; fileEncoding = 4; lastKnownFileType = sourcecode.c.objc; path = GetRepositoriesParserStates.m; sourceTree = "<group>"; };
		89AC1AC9188DA30800ACAD7C /* WorkspaceResponse.h */ = {isa = PBXFileReference; fileEncoding = 4; lastKnownFileType = sourcecode.c.h; path = WorkspaceResponse.h; sourceTree = "<group>"; };
		89AC1ACA188DA30800ACAD7C /* WorkspaceResponse.m */ = {isa = PBXFileReference; fileEncoding = 4; lastKnownFileType = sourcecode.c.objc; path = WorkspaceResponse.m; sourceTree = "<group>"; };
		89AC1AD1188DDFB300ACAD7C /* RepositoriesParserDelegateTests.m */ = {isa = PBXFileReference; fileEncoding = 4; lastKnownFileType = sourcecode.c.objc; path = RepositoriesParserDelegateTests.m; sourceTree = "<group>"; };
		89AC1AD4188DE98600ACAD7C /* get_registers_response.xml */ = {isa = PBXFileReference; fileEncoding = 4; lastKnownFileType = text.xml; path = get_registers_response.xml; sourceTree = "<group>"; };
		89AD73B2189D2C69003C8DD4 /* ListFilesResponseParserDelegate.h */ = {isa = PBXFileReference; fileEncoding = 4; lastKnownFileType = sourcecode.c.h; path = ListFilesResponseParserDelegate.h; sourceTree = "<group>"; };
		89AD73B3189D2C69003C8DD4 /* ListFilesResponseParserDelegate.m */ = {isa = PBXFileReference; fileEncoding = 4; lastKnownFileType = sourcecode.c.objc; path = ListFilesResponseParserDelegate.m; sourceTree = "<group>"; };
		89AD73B5189D3449003C8DD4 /* ListFilesResponseParserDelegateTests.m */ = {isa = PBXFileReference; fileEncoding = 4; lastKnownFileType = sourcecode.c.objc; path = ListFilesResponseParserDelegateTests.m; sourceTree = "<group>"; };
		89AD73B7189D3602003C8DD4 /* ls_response.xml */ = {isa = PBXFileReference; fileEncoding = 4; lastKnownFileType = text.xml; path = ls_response.xml; sourceTree = "<group>"; };
		89ADF98F18BA0EE900E418CA /* MkDirRequestParams.h */ = {isa = PBXFileReference; fileEncoding = 4; lastKnownFileType = sourcecode.c.h; path = MkDirRequestParams.h; sourceTree = "<group>"; };
		89ADF99018BA0EE900E418CA /* MkDirRequestParams.m */ = {isa = PBXFileReference; fileEncoding = 4; lastKnownFileType = sourcecode.c.objc; path = MkDirRequestParams.m; sourceTree = "<group>"; };
		89B08E9818DA28400041660A /* Commons.h */ = {isa = PBXFileReference; fileEncoding = 4; lastKnownFileType = sourcecode.c.h; path = Commons.h; sourceTree = "<group>"; };
		89B13A9C18917A13007282EB /* ServersParamsManagerTests.m */ = {isa = PBXFileReference; fileEncoding = 4; lastKnownFileType = sourcecode.c.objc; path = ServersParamsManagerTests.m; sourceTree = "<group>"; };
		89B1B6EF18A4170400EC79C5 /* FailingResponseSerializer.h */ = {isa = PBXFileReference; fileEncoding = 4; lastKnownFileType = sourcecode.c.h; path = FailingResponseSerializer.h; sourceTree = "<group>"; };
		89B1B6F018A4170400EC79C5 /* FailingResponseSerializer.m */ = {isa = PBXFileReference; fileEncoding = 4; lastKnownFileType = sourcecode.c.objc; path = FailingResponseSerializer.m; sourceTree = "<group>"; };
		89B1B6F218A41B1500EC79C5 /* FailingResponseSerializerTests.m */ = {isa = PBXFileReference; fileEncoding = 4; lastKnownFileType = sourcecode.c.objc; path = FailingResponseSerializerTests.m; sourceTree = "<group>"; };
		89B3560A188C70A500C62728 /* RepositoriesParserDelegate.h */ = {isa = PBXFileReference; fileEncoding = 4; lastKnownFileType = sourcecode.c.h; path = RepositoriesParserDelegate.h; sourceTree = "<group>"; };
		89B3560B188C70A500C62728 /* RepositoriesParserDelegate.m */ = {isa = PBXFileReference; fileEncoding = 4; lastKnownFileType = sourcecode.c.objc; path = RepositoriesParserDelegate.m; sourceTree = "<group>"; };
		89B429E9187F4BAB005F6580 /* PydioClient.h */ = {isa = PBXFileReference; fileEncoding = 4; lastKnownFileType = sourcecode.c.h; path = PydioClient.h; sourceTree = "<group>"; };
		89B429EA187F4BAB005F6580 /* PydioClient.m */ = {isa = PBXFileReference; fileEncoding = 4; lastKnownFileType = sourcecode.c.objc; path = PydioClient.m; sourceTree = "<group>"; };
		89B429EC187F4BD0005F6580 /* PydioClientTests.m */ = {isa = PBXFileReference; fileEncoding = 4; lastKnownFileType = sourcecode.c.objc; path = PydioClientTests.m; sourceTree = "<group>"; };
		89B567B418C34C3500F8EABA /* GetSeedTextResponseSerializerTests.m */ = {isa = PBXFileReference; fileEncoding = 4; lastKnownFileType = sourcecode.c.objc; path = GetSeedTextResponseSerializerTests.m; sourceTree = "<group>"; };
		89B567B618C34C5600F8EABA /* GetSeedJSONResponseSerializerTests.m */ = {isa = PBXFileReference; fileEncoding = 4; lastKnownFileType = sourcecode.c.objc; path = GetSeedJSONResponseSerializerTests.m; sourceTree = "<group>"; };
		89B863A018C52135009EA040 /* libPydioSDK.a */ = {isa = PBXFileReference; explicitFileType = archive.ar; includeInIndex = 0; path = libPydioSDK.a; sourceTree = BUILT_PRODUCTS_DIR; };
		89B863A418C52135009EA040 /* PydioSDK-Prefix.pch */ = {isa = PBXFileReference; lastKnownFileType = sourcecode.c.h; path = "PydioSDK-Prefix.pch"; sourceTree = "<group>"; };
		89B863AD18C52135009EA040 /* PydioSDKTests.xctest */ = {isa = PBXFileReference; explicitFileType = wrapper.cfbundle; includeInIndex = 0; path = PydioSDKTests.xctest; sourceTree = BUILT_PRODUCTS_DIR; };
		89B863B618C52135009EA040 /* PydioSDKTests-Info.plist */ = {isa = PBXFileReference; lastKnownFileType = text.plist.xml; path = "PydioSDKTests-Info.plist"; sourceTree = "<group>"; };
		89BD973D1891A20C0054CFA2 /* login_response.xml */ = {isa = PBXFileReference; fileEncoding = 4; lastKnownFileType = text.xml; path = login_response.xml; sourceTree = "<group>"; };
		89BD973F1891A2710054CFA2 /* LoginResponseParserDelegateTests.m */ = {isa = PBXFileReference; fileEncoding = 4; lastKnownFileType = sourcecode.c.objc; path = LoginResponseParserDelegateTests.m; sourceTree = "<group>"; };
		89C0880118B52A6100103985 /* OperationsClientTests.m */ = {isa = PBXFileReference; fileEncoding = 4; lastKnownFileType = sourcecode.c.objc; path = OperationsClientTests.m; sourceTree = "<group>"; };
		89C0880318B532F900103985 /* BlocksCallResult.h */ = {isa = PBXFileReference; fileEncoding = 4; lastKnownFileType = sourcecode.c.h; path = BlocksCallResult.h; sourceTree = "<group>"; };
		89C0880418B532F900103985 /* BlocksCallResult.m */ = {isa = PBXFileReference; fileEncoding = 4; lastKnownFileType = sourcecode.c.objc; path = BlocksCallResult.m; sourceTree = "<group>"; };
		89C2A9C51878C4EE0051B8E6 /* LoginResponseParserDelegate.h */ = {isa = PBXFileReference; fileEncoding = 4; lastKnownFileType = sourcecode.c.h; path = LoginResponseParserDelegate.h; sourceTree = "<group>"; };
		89C2A9C61878C4EE0051B8E6 /* LoginResponseParserDelegate.m */ = {isa = PBXFileReference; fileEncoding = 4; lastKnownFileType = sourcecode.c.objc; path = LoginResponseParserDelegate.m; sourceTree = "<group>"; };
		89C2A9C81878CD440051B8E6 /* LoginResponse.h */ = {isa = PBXFileReference; fileEncoding = 4; lastKnownFileType = sourcecode.c.h; path = LoginResponse.h; sourceTree = "<group>"; };
		89C2A9C91878CD440051B8E6 /* LoginResponse.m */ = {isa = PBXFileReference; fileEncoding = 4; lastKnownFileType = sourcecode.c.objc; path = LoginResponse.m; sourceTree = "<group>"; };
		89C77BAC18F1BDDE0016B2DC /* UnsignedIntegerBlockCallResult.h */ = {isa = PBXFileReference; fileEncoding = 4; lastKnownFileType = sourcecode.c.h; path = UnsignedIntegerBlockCallResult.h; sourceTree = "<group>"; };
		89C77BAD18F1BDDE0016B2DC /* UnsignedIntegerBlockCallResult.m */ = {isa = PBXFileReference; fileEncoding = 4; lastKnownFileType = sourcecode.c.objc; path = UnsignedIntegerBlockCallResult.m; sourceTree = "<group>"; };
		89E5A14B1887156F001CE77D /* PydioErrors.h */ = {isa = PBXFileReference; lastKnownFileType = sourcecode.c.h; path = PydioErrors.h; sourceTree = "<group>"; };
/* End PBXFileReference section */

/* Begin PBXFrameworksBuildPhase section */
		89B8639D18C52135009EA040 /* Frameworks */ = {
			isa = PBXFrameworksBuildPhase;
			buildActionMask = 2147483647;
			files = (
				89B863A118C52135009EA040 /* Foundation.framework in Frameworks */,
			);
			runOnlyForDeploymentPostprocessing = 0;
		};
		89B863AA18C52135009EA040 /* Frameworks */ = {
			isa = PBXFrameworksBuildPhase;
			buildActionMask = 2147483647;
			files = (
				89B863B318C52135009EA040 /* libPydioSDK.a in Frameworks */,
				89B863AE18C52135009EA040 /* XCTest.framework in Frameworks */,
				89B863AF18C52135009EA040 /* Foundation.framework in Frameworks */,
				89943DC518C66CED00C07E4F /* OCHamcrestIOS.framework in Frameworks */,
				89943DC618C66CED00C07E4F /* OCMockitoIOS.framework in Frameworks */,
			);
			runOnlyForDeploymentPostprocessing = 0;
		};
/* End PBXFrameworksBuildPhase section */

/* Begin PBXGroup section */
		3D03A67B1867176700DC5839 /* Classes */ = {
			isa = PBXGroup;
			children = (
				89B68C7F18D8F76F006C7461 /* Public */,
				89B68C7E18D8F566006C7461 /* Internals */,
			);
			path = Classes;
			sourceTree = "<group>";
		};
		3DFF3AD9186648C900A766D7 = {
			isa = PBXGroup;
			children = (
				3DFF3B3818664F1900A766D7 /* ExternalLibraries */,
				89B863A218C52135009EA040 /* PydioSDK */,
				89B863B418C52135009EA040 /* PydioSDKTests */,
				3DFF3AE4186648C900A766D7 /* Frameworks */,
				3DFF3AE3186648C900A766D7 /* Products */,
			);
			sourceTree = "<group>";
		};
		3DFF3AE3186648C900A766D7 /* Products */ = {
			isa = PBXGroup;
			children = (
				89B863A018C52135009EA040 /* libPydioSDK.a */,
				89B863AD18C52135009EA040 /* PydioSDKTests.xctest */,
			);
			name = Products;
			sourceTree = "<group>";
		};
		3DFF3AE4186648C900A766D7 /* Frameworks */ = {
			isa = PBXGroup;
			children = (
				89AA1A781879B54C00679E04 /* OCMockitoIOS.framework */,
				89AA1A741879AF0900679E04 /* OCHamcrestIOS.framework */,
				3DFF3AE5186648C900A766D7 /* Foundation.framework */,
				3DFF3B04186648C900A766D7 /* XCTest.framework */,
			);
			name = Frameworks;
			sourceTree = "<group>";
		};
		3DFF3B1B18664EEF00A766D7 /* AFNetworking */ = {
			isa = PBXGroup;
			children = (
				3DFF3B1C18664EEF00A766D7 /* AFHTTPRequestOperation.h */,
				3DFF3B1D18664EEF00A766D7 /* AFHTTPRequestOperation.m */,
				3DFF3B1E18664EEF00A766D7 /* AFHTTPRequestOperationManager.h */,
				3DFF3B1F18664EEF00A766D7 /* AFHTTPRequestOperationManager.m */,
				3DFF3B2018664EEF00A766D7 /* AFHTTPSessionManager.h */,
				3DFF3B2118664EEF00A766D7 /* AFHTTPSessionManager.m */,
				3DFF3B2218664EEF00A766D7 /* AFNetworking.h */,
				3DFF3B2318664EEF00A766D7 /* AFNetworkReachabilityManager.h */,
				3DFF3B2418664EEF00A766D7 /* AFNetworkReachabilityManager.m */,
				3DFF3B2518664EEF00A766D7 /* AFSecurityPolicy.h */,
				3DFF3B2618664EEF00A766D7 /* AFSecurityPolicy.m */,
				3DFF3B2718664EEF00A766D7 /* AFURLConnectionOperation.h */,
				3DFF3B2818664EEF00A766D7 /* AFURLConnectionOperation.m */,
				3DFF3B2918664EEF00A766D7 /* AFURLRequestSerialization.h */,
				3DFF3B2A18664EEF00A766D7 /* AFURLRequestSerialization.m */,
				3DFF3B2B18664EEF00A766D7 /* AFURLResponseSerialization.h */,
				3DFF3B2C18664EEF00A766D7 /* AFURLResponseSerialization.m */,
				3DFF3B2D18664EEF00A766D7 /* AFURLSessionManager.h */,
				3DFF3B2E18664EEF00A766D7 /* AFURLSessionManager.m */,
			);
			name = AFNetworking;
			path = Libraries/AFNetworking/AFNetworking;
			sourceTree = "<group>";
		};
		3DFF3B3818664F1900A766D7 /* ExternalLibraries */ = {
			isa = PBXGroup;
			children = (
				3DFF3B1B18664EEF00A766D7 /* AFNetworking */,
			);
			name = ExternalLibraries;
			sourceTree = "<group>";
		};
		8910F5FD18789E2E0005BED4 /* ResponseSerializers */ = {
			isa = PBXGroup;
			children = (
				8910F5F3187874430005BED4 /* BootConfResponseSerializer.h */,
				8910F5F4187874430005BED4 /* BootConfResponseSerializer.m */,
				89B1B6EF18A4170400EC79C5 /* FailingResponseSerializer.h */,
				89B1B6F018A4170400EC79C5 /* FailingResponseSerializer.m */,
				89A8DBA018DF1D5400DC6BAA /* GetCaptchaResponseSerializer.h */,
				89A8DBA118DF1D5400DC6BAA /* GetCaptchaResponseSerializer.m */,
				89A9E1EB18C2917A00C821D8 /* GetSeedJSONResponseSerializer.h */,
				89A9E1EC18C2917A00C821D8 /* GetSeedJSONResponseSerializer.m */,
				89A9E1E518C2746B00C821D8 /* GetSeedResponseSerializer.h */,
				89A9E1E618C2746B00C821D8 /* GetSeedResponseSerializer.m */,
				8910F5F618788A7A0005BED4 /* GetSeedTextResponseSerializer.h */,
				8910F5F718788A7A0005BED4 /* GetSeedTextResponseSerializer.m */,
				89A6C8A9189479B600EA5D13 /* XMLResponseSerializer.h */,
				89A6C8AA189479B600EA5D13 /* XMLResponseSerializer.m */,
			);
			path = ResponseSerializers;
			sourceTree = "<group>";
		};
		8910F5FE18789F870005BED4 /* Data */ = {
			isa = PBXGroup;
			children = (
				89A7691618A4388C0056A61F /* Requests */,
				89AC1ACD188DBE1900ACAD7C /* Responses */,
				89401308188443C90044001D /* User.h */,
				89401309188443C90044001D /* User.m */,
			);
			path = Data;
			sourceTree = "<group>";
		};
		89A6AA3D187B0A03003A6BDA /* ResponseSerializers */ = {
			isa = PBXGroup;
			children = (
				89A6AA3E187B0A30003A6BDA /* BootConfResponseSerializerTests.m */,
				89B1B6F218A41B1500EC79C5 /* FailingResponseSerializerTests.m */,
				89B567B618C34C5600F8EABA /* GetSeedJSONResponseSerializerTests.m */,
				89A6C8A4189469A200EA5D13 /* GetSeedResponseSerializerTests.m */,
				89B567B418C34C3500F8EABA /* GetSeedTextResponseSerializerTests.m */,
				89A6C8AD18947ED600EA5D13 /* XMLResponseSerializerTests.m */,
			);
			path = ResponseSerializers;
			sourceTree = "<group>";
		};
		89A6AA40187B1DE2003A6BDA /* Clients */ = {
			isa = PBXGroup;
			children = (
				89A6AA41187B1E31003A6BDA /* AuthorizationClientTests.m */,
				89C0880118B52A6100103985 /* OperationsClientTests.m */,
				89B429EC187F4BD0005F6580 /* PydioClientTests.m */,
			);
			path = Clients;
			sourceTree = "<group>";
		};
		89A6AA43187B440A003A6BDA /* Clients */ = {
			isa = PBXGroup;
			children = (
				89B429E9187F4BAB005F6580 /* PydioClient.h */,
				89B429EA187F4BAB005F6580 /* PydioClient.m */,
			);
			path = Clients;
			sourceTree = "<group>";
		};
		89A6C8A81894791700EA5D13 /* SerializersDelegates */ = {
			isa = PBXGroup;
			children = (
				89A6C8AC18947AB400EA5D13 /* XMLResponseSerializerDelegate.h */,
				89AA6A1918956EFE006A22DB /* XMLResponseSerializerDelegate.m */,
			);
			path = SerializersDelegates;
			sourceTree = "<group>";
		};
		89A6F2FF189E617C00F1763E /* XMLParserStates */ = {
			isa = PBXGroup;
			children = (
				89AC1AC6188D8CAD00ACAD7C /* GetRepositoriesParserStates.h */,
				89AC1AC7188D8CAD00ACAD7C /* GetRepositoriesParserStates.m */,
				89A6F2FB189E55D500F1763E /* ParserStateDelgate.h */,
				89A6F2FC189E5A9600F1763E /* XMLParserState.h */,
				89A6F2FD189E5A9600F1763E /* XMLParserState.m */,
			);
			path = XMLParserStates;
			sourceTree = "<group>";
		};
		89A7691618A4388C0056A61F /* Requests */ = {
			isa = PBXGroup;
			children = (
				89A88C1A18BA951600DAE087 /* DeleteNodesRequestParams.h */,
				89A88C1B18BA951600DAE087 /* DeleteNodesRequestParams.m */,
				89A7691718A4391A0056A61F /* ListNodesRequestParams.h */,
				89A7691818A4391A0056A61F /* ListNodesRequestParams.m */,
				89ADF98F18BA0EE900E418CA /* MkDirRequestParams.h */,
				89ADF99018BA0EE900E418CA /* MkDirRequestParams.m */,
			);
			path = Requests;
			sourceTree = "<group>";
		};
		89AA6A1B18957B5F006A22DB /* SerializersDelegates */ = {
			isa = PBXGroup;
			children = (
				89ABF21418AD773500594B2E /* ErrorResponseSerializerDelegateTests.m */,
				89A76DCF18B2B0C8000D0AF1 /* ListFilesResponseSerializerDelegateTests.m */,
				89AA6A1E18957FE9006A22DB /* LoginResponseSerializerDelegateTests.m */,
				89AA6A2018957FF9006A22DB /* NotAuthorizedResponseSerializerDelegateTests.m */,
				89AA6A221895800A006A22DB /* WorkspacesResponseSerializerDelegateTests.m */,
			);
			path = SerializersDelegates;
			sourceTree = "<group>";
		};
		89AC1ACC188DAEDD00ACAD7C /* ResponseParsers */ = {
			isa = PBXGroup;
			children = (
				89A58F0418A9796C00FCEDE5 /* ErrorResponseParserDelegate.h */,
				89A58F0518A9796C00FCEDE5 /* ErrorResponseParserDelegate.m */,
				89AD73B2189D2C69003C8DD4 /* ListFilesResponseParserDelegate.h */,
				89AD73B3189D2C69003C8DD4 /* ListFilesResponseParserDelegate.m */,
				89C2A9C51878C4EE0051B8E6 /* LoginResponseParserDelegate.h */,
				89C2A9C61878C4EE0051B8E6 /* LoginResponseParserDelegate.m */,
				8910F5FF1878A3410005BED4 /* NotAuthorizedResponseParserDelegate.h */,
				8910F6001878A3410005BED4 /* NotAuthorizedResponseParserDelegate.m */,
				89B3560A188C70A500C62728 /* RepositoriesParserDelegate.h */,
				89B3560B188C70A500C62728 /* RepositoriesParserDelegate.m */,
				89A8C22B18B68EC30027B715 /* SuccessResponseParserDelegate.h */,
				89A8C22C18B68EC30027B715 /* SuccessResponseParserDelegate.m */,
				89A6F2FF189E617C00F1763E /* XMLParserStates */,
			);
			path = ResponseParsers;
			sourceTree = "<group>";
		};
		89AC1ACD188DBE1900ACAD7C /* Responses */ = {
			isa = PBXGroup;
			children = (
				89A6F303189E73FF00F1763E /* NodeResponse.h */,
				89A6F304189E73FF00F1763E /* NodeResponse.m */,
				89AC1AC9188DA30800ACAD7C /* WorkspaceResponse.h */,
				89AC1ACA188DA30800ACAD7C /* WorkspaceResponse.m */,
			);
			path = Responses;
			sourceTree = "<group>";
		};
		89AC1AD0188DDD2700ACAD7C /* ResponseParsers */ = {
			isa = PBXGroup;
			children = (
				89A58F0718A97FD600FCEDE5 /* ErrorResponseParserDelegateTests.m */,
				89AD73B5189D3449003C8DD4 /* ListFilesResponseParserDelegateTests.m */,
				89BD973F1891A2710054CFA2 /* LoginResponseParserDelegateTests.m */,
				89ABACFA1893B3E200E1420D /* NotAuthorizedResponseParserDelegateTests.m */,
				89AC1AD1188DDFB300ACAD7C /* RepositoriesParserDelegateTests.m */,
				89A8C22E18B68F780027B715 /* SuccessResponseParserDelegateTests.m */,
				89ABAD001893D51400E1420D /* XCTestCase+XMLFixture.h */,
				89ABAD011893D51400E1420D /* XCTestCase+XMLFixture.m */,
			);
			path = ResponseParsers;
			sourceTree = "<group>";
		};
		89AC1AD3188DE84900ACAD7C /* Fixtures */ = {
			isa = PBXGroup;
			children = (
				89A58F0918A9878600FCEDE5 /* error_response.xml */,
				89AC1AD4188DE98600ACAD7C /* get_registers_response.xml */,
				89BD973D1891A20C0054CFA2 /* login_response.xml */,
				89AD73B7189D3602003C8DD4 /* ls_response.xml */,
				89A6F2F9189E3FDA00F1763E /* ls_response2.xml */,
				89A8C22918B687930027B715 /* mkdir_success_response.xml */,
				89ABACFC1893BDC800E1420D /* unathorized_response.xml */,
				89ABACFE1893BEF700E1420D /* unathorized_response2.xml */,
			);
			path = Fixtures;
			sourceTree = "<group>";
		};
		89B68C7E18D8F566006C7461 /* Internals */ = {
			isa = PBXGroup;
			children = (
				89B68C8218D9008D006C7461 /* Clients */,
				89B68C8018D8F7E8006C7461 /* Helpers */,
				892F7738191807DC00FDC727 /* PydioRequestOperationManager.h */,
				892F7739191807DC00FDC727 /* PydioRequestOperationManager.m */,
				89AC1ACC188DAEDD00ACAD7C /* ResponseParsers */,
				89B68C8118D8FA66006C7461 /* Responses */,
				8910F5FD18789E2E0005BED4 /* ResponseSerializers */,
				89A6C8A81894791700EA5D13 /* SerializersDelegates */,
			);
			path = Internals;
			sourceTree = "<group>";
		};
		89B68C7F18D8F76F006C7461 /* Public */ = {
			isa = PBXGroup;
			children = (
				89A6AA43187B440A003A6BDA /* Clients */,
				89B08E9818DA28400041660A /* Commons.h */,
				8910F5FE18789F870005BED4 /* Data */,
				89E5A14B1887156F001CE77D /* PydioErrors.h */,
				89401D211883318F005A030A /* ServersParamsManager.h */,
				89401D221883318F005A030A /* ServersParamsManager.m */,
			);
			path = Public;
			sourceTree = "<group>";
		};
		89B68C8018D8F7E8006C7461 /* Helpers */ = {
			isa = PBXGroup;
			children = (
				8910F5F018786EFA0005BED4 /* NSString+Hash.h */,
				8910F5F118786EFA0005BED4 /* NSString+Hash.m */,
				89A6D1CD18A16F0A00B3A4AF /* NSURL+Normalization.h */,
				89A6D1CE18A16F0A00B3A4AF /* NSURL+Normalization.m */,
			);
			path = Helpers;
			sourceTree = "<group>";
		};
		89B68C8118D8FA66006C7461 /* Responses */ = {
			isa = PBXGroup;
			children = (
				89C2A9C81878CD440051B8E6 /* LoginResponse.h */,
				89C2A9C91878CD440051B8E6 /* LoginResponse.m */,
				89A554FD188C03F1008C1B64 /* NotAuthorizedResponse.h */,
				89A554FE188C03F1008C1B64 /* NotAuthorizedResponse.m */,
				89A76DD118B2BF28000D0AF1 /* PydioErrorResponse.h */,
				89A76DD218B2BF28000D0AF1 /* PydioErrorResponse.m */,
				89A8C23018B6A6E40027B715 /* PydioSuccessResponse.h */,
				89A8C23118B6A6E40027B715 /* PydioSuccessResponse.m */,
				89A9E1E818C27BFA00C821D8 /* SeedResponse.h */,
				89A9E1E918C27BFA00C821D8 /* SeedResponse.m */,
			);
			path = Responses;
			sourceTree = "<group>";
		};
		89B68C8218D9008D006C7461 /* Clients */ = {
			isa = PBXGroup;
			children = (
				89A6AA44187B4436003A6BDA /* AuthorizationClient.h */,
				89A6AA45187B4436003A6BDA /* AuthorizationClient.m */,
				89A84FF21885F5B800AFC2F0 /* OperationsClient.h */,
				89A84FF31885F5B800AFC2F0 /* OperationsClient.m */,
			);
			path = Clients;
			sourceTree = "<group>";
		};
		89B863A218C52135009EA040 /* PydioSDK */ = {
			isa = PBXGroup;
			children = (
				3D03A67B1867176700DC5839 /* Classes */,
				89B863A318C52135009EA040 /* Supporting Files */,
			);
			path = PydioSDK;
			sourceTree = "<group>";
		};
		89B863A318C52135009EA040 /* Supporting Files */ = {
			isa = PBXGroup;
			children = (
				89B863A418C52135009EA040 /* PydioSDK-Prefix.pch */,
			);
			name = "Supporting Files";
			sourceTree = "<group>";
		};
		89B863B418C52135009EA040 /* PydioSDKTests */ = {
			isa = PBXGroup;
			children = (
				89C0880318B532F900103985 /* BlocksCallResult.h */,
				89C0880418B532F900103985 /* BlocksCallResult.m */,
				89A6AA40187B1DE2003A6BDA /* Clients */,
				89AC1AD3188DE84900ACAD7C /* Fixtures */,
				89AC1AD0188DDD2700ACAD7C /* ResponseParsers */,
				89A6AA3D187B0A03003A6BDA /* ResponseSerializers */,
				89AA6A1B18957B5F006A22DB /* SerializersDelegates */,
				89B13A9C18917A13007282EB /* ServersParamsManagerTests.m */,
				89B863B518C52135009EA040 /* Supporting Files */,
				89C77BAC18F1BDDE0016B2DC /* UnsignedIntegerBlockCallResult.h */,
				89C77BAD18F1BDDE0016B2DC /* UnsignedIntegerBlockCallResult.m */,
			);
			path = PydioSDKTests;
			sourceTree = "<group>";
		};
		89B863B518C52135009EA040 /* Supporting Files */ = {
			isa = PBXGroup;
			children = (
				89B863B618C52135009EA040 /* PydioSDKTests-Info.plist */,
			);
			name = "Supporting Files";
			sourceTree = "<group>";
		};
/* End PBXGroup section */

/* Begin PBXNativeTarget section */
		89B8639F18C52135009EA040 /* PydioSDK */ = {
			isa = PBXNativeTarget;
			buildConfigurationList = 89B863C018C52135009EA040 /* Build configuration list for PBXNativeTarget "PydioSDK" */;
			buildPhases = (
				89B8639C18C52135009EA040 /* Sources */,
				89B8639D18C52135009EA040 /* Frameworks */,
				89B8639E18C52135009EA040 /* CopyFiles */,
			);
			buildRules = (
			);
			dependencies = (
			);
			name = PydioSDK;
			productName = libPydioSDK;
			productReference = 89B863A018C52135009EA040 /* libPydioSDK.a */;
			productType = "com.apple.product-type.library.static";
		};
		89B863AC18C52135009EA040 /* PydioSDKTests */ = {
			isa = PBXNativeTarget;
			buildConfigurationList = 89B863C118C52135009EA040 /* Build configuration list for PBXNativeTarget "PydioSDKTests" */;
			buildPhases = (
				89B863A918C52135009EA040 /* Sources */,
				89B863AA18C52135009EA040 /* Frameworks */,
				89B863AB18C52135009EA040 /* Resources */,
			);
			buildRules = (
			);
			dependencies = (
				89B863B218C52135009EA040 /* PBXTargetDependency */,
			);
			name = PydioSDKTests;
			productName = libPydioSDKTests;
			productReference = 89B863AD18C52135009EA040 /* PydioSDKTests.xctest */;
			productType = "com.apple.product-type.bundle.unit-test";
		};
/* End PBXNativeTarget section */

/* Begin PBXProject section */
		3DFF3ADA186648C900A766D7 /* Project object */ = {
			isa = PBXProject;
			attributes = {
				LastUpgradeCheck = 0500;
				ORGANIZATIONNAME = MINI;
				TargetAttributes = {
					89B863AC18C52135009EA040 = {
						TestTargetID = 89B8639F18C52135009EA040;
					};
				};
			};
			buildConfigurationList = 3DFF3ADD186648C900A766D7 /* Build configuration list for PBXProject "PydioSDK" */;
			compatibilityVersion = "Xcode 3.2";
			developmentRegion = English;
			hasScannedForEncodings = 0;
			knownRegions = (
				en,
				Base,
			);
			mainGroup = 3DFF3AD9186648C900A766D7;
			productRefGroup = 3DFF3AE3186648C900A766D7 /* Products */;
			projectDirPath = "";
			projectRoot = "";
			targets = (
				89B8639F18C52135009EA040 /* PydioSDK */,
				89B863AC18C52135009EA040 /* PydioSDKTests */,
				89B68C9418D90505006C7461 /* PydioSDKLipo */,
			);
		};
/* End PBXProject section */

/* Begin PBXResourcesBuildPhase section */
		89B863AB18C52135009EA040 /* Resources */ = {
			isa = PBXResourcesBuildPhase;
			buildActionMask = 2147483647;
			files = (
				89943DC718C6730A00C07E4F /* unathorized_response.xml in Resources */,
				89943DC818C6730A00C07E4F /* error_response.xml in Resources */,
				89943DC918C6730A00C07E4F /* mkdir_success_response.xml in Resources */,
				89943DCA18C6730A00C07E4F /* login_response.xml in Resources */,
				89943DCB18C6730A00C07E4F /* unathorized_response2.xml in Resources */,
				89943DCC18C6730A00C07E4F /* ls_response.xml in Resources */,
				89943DCD18C6730A00C07E4F /* ls_response2.xml in Resources */,
				89943DCF18C6730A00C07E4F /* get_registers_response.xml in Resources */,
			);
			runOnlyForDeploymentPostprocessing = 0;
		};
/* End PBXResourcesBuildPhase section */

/* Begin PBXShellScriptBuildPhase section */
		89B68C9818D905B5006C7461 /* ShellScript */ = {
			isa = PBXShellScriptBuildPhase;
			buildActionMask = 2147483647;
			files = (
			);
			inputPaths = (
			);
			outputPaths = (
			);
			runOnlyForDeploymentPostprocessing = 0;
			shellPath = /bin/sh;
			shellScript = "# define output folder environment variable\nUNIVERSAL_OUTPUTFOLDER=${BUILD_DIR}/${CONFIGURATION}-universal\n\n# Step 1. Build Device and Simulator versions\nxcodebuild -target PydioSDK ONLY_ACTIVE_ARCH=NO -configuration ${CONFIGURATION} -sdk iphoneos  BUILD_DIR=\"${BUILD_DIR}\" BUILD_ROOT=\"${BUILD_ROOT}\"\nxcodebuild -target PydioSDK -configuration ${CONFIGURATION} -sdk iphonesimulator -arch i386 BUILD_DIR=\"${BUILD_DIR}\" BUILD_ROOT=\"${BUILD_ROOT}\"\n\n# make sure the output directory exists\nmkdir -p \"${UNIVERSAL_OUTPUTFOLDER}\"\n\n# Step 2. Create universal binary file using lipo\nlipo -create -output \"${UNIVERSAL_OUTPUTFOLDER}/lib${PROJECT_NAME}.a\" \"${BUILD_DIR}/${CONFIGURATION}-iphoneos/lib${PROJECT_NAME}.a\" \"${BUILD_DIR}/${CONFIGURATION}-iphonesimulator/lib${PROJECT_NAME}.a\"\n\n# Last touch. copy the header files. Just for convenience\ncp -R \"${BUILD_DIR}/${CONFIGURATION}-iphoneos/include\" \"${UNIVERSAL_OUTPUTFOLDER}/\"\n\n#Copy lipo from build directory to directory in project root\nrm -rf \"${PROJECT_DIR}/lipo-build\"\nmkdir -p \"${PROJECT_DIR}/lipo-build\"\ncp -R \"${UNIVERSAL_OUTPUTFOLDER}/\" \"${PROJECT_DIR}/lipo-build\"\n";
		};
/* End PBXShellScriptBuildPhase section */

/* Begin PBXSourcesBuildPhase section */
		89B8639C18C52135009EA040 /* Sources */ = {
			isa = PBXSourcesBuildPhase;
			buildActionMask = 2147483647;
			files = (
				89943D8418C66CED00C07E4F /* GetSeedResponseSerializer.m in Sources */,
				89943D8518C66CED00C07E4F /* User.m in Sources */,
				89943D8718C66CED00C07E4F /* NSString+Hash.m in Sources */,
				89943D8818C66CED00C07E4F /* WorkspaceResponse.m in Sources */,
				89943D8918C66CED00C07E4F /* BootConfResponseSerializer.m in Sources */,
				89943D8B18C66CED00C07E4F /* AuthorizationClient.m in Sources */,
				89943D8C18C66CED00C07E4F /* XMLParserState.m in Sources */,
				89943D8D18C66CED00C07E4F /* LoginResponse.m in Sources */,
				89943D8E18C66CED00C07E4F /* ServersParamsManager.m in Sources */,
				89943D8F18C66CED00C07E4F /* GetSeedJSONResponseSerializer.m in Sources */,
				89943D9018C66CED00C07E4F /* ErrorResponseParserDelegate.m in Sources */,
				89943D9218C66CED00C07E4F /* XMLResponseSerializerDelegate.m in Sources */,
				89943D9318C66CED00C07E4F /* SeedResponse.m in Sources */,
				892F773A191807DC00FDC727 /* PydioRequestOperationManager.m in Sources */,
				89943D9518C66CED00C07E4F /* PydioErrorResponse.m in Sources */,
				89943D9718C66CED00C07E4F /* ListFilesResponseParserDelegate.m in Sources */,
				89943D9818C66CED00C07E4F /* PydioSuccessResponse.m in Sources */,
				89943D9918C66CED00C07E4F /* NodeResponse.m in Sources */,
				89943D9A18C66CED00C07E4F /* NotAuthorizedResponse.m in Sources */,
				89943D9C18C66CED00C07E4F /* GetSeedTextResponseSerializer.m in Sources */,
				89943D9E18C66CED00C07E4F /* MkDirRequestParams.m in Sources */,
				89943DA218C66CED00C07E4F /* SuccessResponseParserDelegate.m in Sources */,
				89943DA318C66CED00C07E4F /* NotAuthorizedResponseParserDelegate.m in Sources */,
				89943DA418C66CED00C07E4F /* NSURL+Normalization.m in Sources */,
				89943DA518C66CED00C07E4F /* LoginResponseParserDelegate.m in Sources */,
				89943DA618C66CED00C07E4F /* XMLResponseSerializer.m in Sources */,
				89943DA718C66CED00C07E4F /* FailingResponseSerializer.m in Sources */,
				89943DA818C66CED00C07E4F /* RepositoriesParserDelegate.m in Sources */,
				89943DA918C66CED00C07E4F /* PydioClient.m in Sources */,
				89943DAA18C66CED00C07E4F /* OperationsClient.m in Sources */,
				89943DAB18C66CED00C07E4F /* DeleteNodesRequestParams.m in Sources */,
				89943DAC18C66CED00C07E4F /* ListNodesRequestParams.m in Sources */,
				89A8DBA218DF1D5400DC6BAA /* GetCaptchaResponseSerializer.m in Sources */,
				89943DAD18C66CED00C07E4F /* GetRepositoriesParserStates.m in Sources */,
			);
			runOnlyForDeploymentPostprocessing = 0;
		};
		89B863A918C52135009EA040 /* Sources */ = {
			isa = PBXSourcesBuildPhase;
			buildActionMask = 2147483647;
			files = (
				891A83E918DA46E0002E9FF7 /* AFHTTPRequestOperation.m in Sources */,
				891A83EA18DA46E0002E9FF7 /* AFHTTPRequestOperationManager.m in Sources */,
				891A83EB18DA46E0002E9FF7 /* AFHTTPSessionManager.m in Sources */,
				891A83EC18DA46E0002E9FF7 /* AFNetworkReachabilityManager.m in Sources */,
				891A83ED18DA46E0002E9FF7 /* AFSecurityPolicy.m in Sources */,
				891A83EE18DA46E0002E9FF7 /* AFURLConnectionOperation.m in Sources */,
				891A83EF18DA46E0002E9FF7 /* AFURLRequestSerialization.m in Sources */,
				891A83F018DA46E0002E9FF7 /* AFURLResponseSerialization.m in Sources */,
				891A83F118DA46E0002E9FF7 /* AFURLSessionManager.m in Sources */,
				89943DAE18C66CED00C07E4F /* NotAuthorizedResponseSerializerDelegateTests.m in Sources */,
				89943DAF18C66CED00C07E4F /* GetSeedResponseSerializerTests.m in Sources */,
				89943DB018C66CED00C07E4F /* ListFilesResponseParserDelegateTests.m in Sources */,
				89943DB118C66CED00C07E4F /* LoginResponseParserDelegateTests.m in Sources */,
				89943DB218C66CED00C07E4F /* SuccessResponseParserDelegateTests.m in Sources */,
				89C77BAE18F1BDDE0016B2DC /* UnsignedIntegerBlockCallResult.m in Sources */,
				89943DB318C66CED00C07E4F /* RepositoriesParserDelegateTests.m in Sources */,
				89943DB418C66CED00C07E4F /* ServersParamsManagerTests.m in Sources */,
				89943DB518C66CED00C07E4F /* OperationsClientTests.m in Sources */,
				89943DB618C66CED00C07E4F /* AuthorizationClientTests.m in Sources */,
				89943DB718C66CED00C07E4F /* GetSeedJSONResponseSerializerTests.m in Sources */,
				89943DB818C66CED00C07E4F /* PydioClientTests.m in Sources */,
				89943DB918C66CED00C07E4F /* BootConfResponseSerializerTests.m in Sources */,
				89943DBA18C66CED00C07E4F /* LoginResponseSerializerDelegateTests.m in Sources */,
				89943DBB18C66CED00C07E4F /* NotAuthorizedResponseParserDelegateTests.m in Sources */,
				89943DBC18C66CED00C07E4F /* XCTestCase+XMLFixture.m in Sources */,
				89943DBD18C66CED00C07E4F /* WorkspacesResponseSerializerDelegateTests.m in Sources */,
				89943DBE18C66CED00C07E4F /* ErrorResponseParserDelegateTests.m in Sources */,
				89943DBF18C66CED00C07E4F /* XMLResponseSerializerTests.m in Sources */,
				89943DC018C66CED00C07E4F /* FailingResponseSerializerTests.m in Sources */,
				89943DC118C66CED00C07E4F /* ListFilesResponseSerializerDelegateTests.m in Sources */,
				89943DC218C66CED00C07E4F /* ErrorResponseSerializerDelegateTests.m in Sources */,
				89943DC318C66CED00C07E4F /* BlocksCallResult.m in Sources */,
				89943DC418C66CED00C07E4F /* GetSeedTextResponseSerializerTests.m in Sources */,
			);
			runOnlyForDeploymentPostprocessing = 0;
		};
/* End PBXSourcesBuildPhase section */

/* Begin PBXTargetDependency section */
		89B863B218C52135009EA040 /* PBXTargetDependency */ = {
			isa = PBXTargetDependency;
			target = 89B8639F18C52135009EA040 /* PydioSDK */;
			targetProxy = 89B863B118C52135009EA040 /* PBXContainerItemProxy */;
		};
/* End PBXTargetDependency section */

/* Begin XCBuildConfiguration section */
		3DFF3B12186648CA00A766D7 /* Debug */ = {
			isa = XCBuildConfiguration;
			buildSettings = {
				ALWAYS_SEARCH_USER_PATHS = NO;
				ARCHS = "$(ARCHS_STANDARD_INCLUDING_64_BIT)";
				CLANG_CXX_LANGUAGE_STANDARD = "gnu++0x";
				CLANG_CXX_LIBRARY = "libc++";
				CLANG_ENABLE_MODULES = YES;
				CLANG_ENABLE_OBJC_ARC = YES;
				CLANG_WARN_BOOL_CONVERSION = YES;
				CLANG_WARN_CONSTANT_CONVERSION = YES;
				CLANG_WARN_DIRECT_OBJC_ISA_USAGE = YES_ERROR;
				CLANG_WARN_EMPTY_BODY = YES;
				CLANG_WARN_ENUM_CONVERSION = YES;
				CLANG_WARN_INT_CONVERSION = YES;
				CLANG_WARN_OBJC_ROOT_CLASS = YES_ERROR;
				CLANG_WARN__DUPLICATE_METHOD_MATCH = YES;
				"CODE_SIGN_IDENTITY[sdk=iphoneos*]" = "iPhone Developer";
				COPY_PHASE_STRIP = NO;
				GCC_C_LANGUAGE_STANDARD = gnu99;
				GCC_DYNAMIC_NO_PIC = NO;
				GCC_OPTIMIZATION_LEVEL = 0;
				GCC_PREPROCESSOR_DEFINITIONS = (
					"DEBUG=1",
					"$(inherited)",
				);
				GCC_SYMBOLS_PRIVATE_EXTERN = NO;
				GCC_WARN_64_TO_32_BIT_CONVERSION = YES;
				GCC_WARN_ABOUT_RETURN_TYPE = YES_ERROR;
				GCC_WARN_UNDECLARED_SELECTOR = YES;
				GCC_WARN_UNINITIALIZED_AUTOS = YES;
				GCC_WARN_UNUSED_FUNCTION = YES;
				GCC_WARN_UNUSED_VARIABLE = YES;
				IPHONEOS_DEPLOYMENT_TARGET = 7.0;
				ONLY_ACTIVE_ARCH = YES;
				SDKROOT = iphoneos;
			};
			name = Debug;
		};
		3DFF3B13186648CA00A766D7 /* Release */ = {
			isa = XCBuildConfiguration;
			buildSettings = {
				ALWAYS_SEARCH_USER_PATHS = NO;
				ARCHS = "$(ARCHS_STANDARD_INCLUDING_64_BIT)";
				CLANG_CXX_LANGUAGE_STANDARD = "gnu++0x";
				CLANG_CXX_LIBRARY = "libc++";
				CLANG_ENABLE_MODULES = YES;
				CLANG_ENABLE_OBJC_ARC = YES;
				CLANG_WARN_BOOL_CONVERSION = YES;
				CLANG_WARN_CONSTANT_CONVERSION = YES;
				CLANG_WARN_DIRECT_OBJC_ISA_USAGE = YES_ERROR;
				CLANG_WARN_EMPTY_BODY = YES;
				CLANG_WARN_ENUM_CONVERSION = YES;
				CLANG_WARN_INT_CONVERSION = YES;
				CLANG_WARN_OBJC_ROOT_CLASS = YES_ERROR;
				CLANG_WARN__DUPLICATE_METHOD_MATCH = YES;
				"CODE_SIGN_IDENTITY[sdk=iphoneos*]" = "iPhone Developer";
				COPY_PHASE_STRIP = YES;
				ENABLE_NS_ASSERTIONS = NO;
				GCC_C_LANGUAGE_STANDARD = gnu99;
				GCC_WARN_64_TO_32_BIT_CONVERSION = YES;
				GCC_WARN_ABOUT_RETURN_TYPE = YES_ERROR;
				GCC_WARN_UNDECLARED_SELECTOR = YES;
				GCC_WARN_UNINITIALIZED_AUTOS = YES;
				GCC_WARN_UNUSED_FUNCTION = YES;
				GCC_WARN_UNUSED_VARIABLE = YES;
				IPHONEOS_DEPLOYMENT_TARGET = 7.0;
				SDKROOT = iphoneos;
				VALIDATE_PRODUCT = YES;
			};
			name = Release;
		};
		89B68C9618D90505006C7461 /* Debug */ = {
			isa = XCBuildConfiguration;
			buildSettings = {
				PRODUCT_NAME = "$(TARGET_NAME)";
			};
			name = Debug;
		};
		89B68C9718D90505006C7461 /* Release */ = {
			isa = XCBuildConfiguration;
			buildSettings = {
				PRODUCT_NAME = "$(TARGET_NAME)";
			};
			name = Release;
		};
		89B863BC18C52135009EA040 /* Debug */ = {
			isa = XCBuildConfiguration;
			buildSettings = {
				ARCHS = "$(ARCHS_STANDARD_INCLUDING_64_BIT)";
				DSTROOT = /tmp/libPydioSDK.dst;
				GCC_PRECOMPILE_PREFIX_HEADER = YES;
				GCC_PREFIX_HEADER = "PydioSDK/PydioSDK-Prefix.pch";
				GCC_PREPROCESSOR_DEFINITIONS = (
					"DEBUG=1",
					"$(inherited)",
				);
				OTHER_LDFLAGS = "-ObjC";
				PRODUCT_NAME = "$(TARGET_NAME)";
				SKIP_INSTALL = YES;
			};
			name = Debug;
		};
		89B863BD18C52135009EA040 /* Release */ = {
			isa = XCBuildConfiguration;
			buildSettings = {
				ARCHS = "$(ARCHS_STANDARD_INCLUDING_64_BIT)";
				DSTROOT = /tmp/libPydioSDK.dst;
				GCC_PRECOMPILE_PREFIX_HEADER = YES;
				GCC_PREFIX_HEADER = "PydioSDK/PydioSDK-Prefix.pch";
				OTHER_LDFLAGS = "-ObjC";
				PRODUCT_NAME = "$(TARGET_NAME)";
				SKIP_INSTALL = YES;
			};
			name = Release;
		};
		89B863BE18C52135009EA040 /* Debug */ = {
			isa = XCBuildConfiguration;
			buildSettings = {
				ARCHS = "$(ARCHS_STANDARD_INCLUDING_64_BIT)";
				CLANG_ENABLE_MODULES = NO;
				FRAMEWORK_SEARCH_PATHS = (
					"$(SDKROOT)/Developer/Library/Frameworks",
					"$(inherited)",
					"$(DEVELOPER_FRAMEWORKS_DIR)",
					"/Users/pc-mobile/develop/ajaxplorer_new/PydioSDK/Frameworks",
				);
				GCC_PRECOMPILE_PREFIX_HEADER = YES;
				GCC_PREFIX_HEADER = "PydioSDK/PydioSDK-Prefix.pch";
				GCC_PREPROCESSOR_DEFINITIONS = (
					"DEBUG=1",
					"$(inherited)",
				);
				INFOPLIST_FILE = "PydioSDKTests/PydioSDKTests-Info.plist";
				OTHER_LDFLAGS = (
					"$(inherited)",
					"-framework",
					XCTest,
					"-ObjC",
				);
				PRODUCT_NAME = "$(TARGET_NAME)";
				WRAPPER_EXTENSION = xctest;
			};
			name = Debug;
		};
		89B863BF18C52135009EA040 /* Release */ = {
			isa = XCBuildConfiguration;
			buildSettings = {
				ARCHS = "$(ARCHS_STANDARD_INCLUDING_64_BIT)";
				CLANG_ENABLE_MODULES = NO;
				FRAMEWORK_SEARCH_PATHS = (
					"$(SDKROOT)/Developer/Library/Frameworks",
					"$(inherited)",
					"$(DEVELOPER_FRAMEWORKS_DIR)",
					"/Users/pc-mobile/develop/ajaxplorer_new/PydioSDK/Frameworks",
				);
				GCC_PRECOMPILE_PREFIX_HEADER = YES;
				GCC_PREFIX_HEADER = "PydioSDK/PydioSDK-Prefix.pch";
				INFOPLIST_FILE = "PydioSDKTests/PydioSDKTests-Info.plist";
				OTHER_LDFLAGS = (
					"$(inherited)",
					"-framework",
					XCTest,
					"-ObjC",
				);
				PRODUCT_NAME = "$(TARGET_NAME)";
				WRAPPER_EXTENSION = xctest;
			};
			name = Release;
		};
/* End XCBuildConfiguration section */

/* Begin XCConfigurationList section */
		3DFF3ADD186648C900A766D7 /* Build configuration list for PBXProject "PydioSDK" */ = {
			isa = XCConfigurationList;
			buildConfigurations = (
				3DFF3B12186648CA00A766D7 /* Debug */,
				3DFF3B13186648CA00A766D7 /* Release */,
			);
			defaultConfigurationIsVisible = 0;
			defaultConfigurationName = Release;
		};
		89B68C9518D90505006C7461 /* Build configuration list for PBXAggregateTarget "PydioSDKLipo" */ = {
			isa = XCConfigurationList;
			buildConfigurations = (
				89B68C9618D90505006C7461 /* Debug */,
				89B68C9718D90505006C7461 /* Release */,
			);
			defaultConfigurationIsVisible = 0;
			defaultConfigurationName = Release;
		};
		89B863C018C52135009EA040 /* Build configuration list for PBXNativeTarget "PydioSDK" */ = {
			isa = XCConfigurationList;
			buildConfigurations = (
				89B863BC18C52135009EA040 /* Debug */,
				89B863BD18C52135009EA040 /* Release */,
			);
			defaultConfigurationIsVisible = 0;
			defaultConfigurationName = Release;
		};
		89B863C118C52135009EA040 /* Build configuration list for PBXNativeTarget "PydioSDKTests" */ = {
			isa = XCConfigurationList;
			buildConfigurations = (
				89B863BE18C52135009EA040 /* Debug */,
				89B863BF18C52135009EA040 /* Release */,
			);
			defaultConfigurationIsVisible = 0;
			defaultConfigurationName = Release;
		};
/* End XCConfigurationList section */
	};
	rootObject = 3DFF3ADA186648C900A766D7 /* Project object */;
}
