// !$*UTF8*$!
{
	archiveVersion = 1;
	classes = {
	};
	objectVersion = 46;
	objects = {

/* Begin PBXBuildFile section */
		3D03A6791867171200DC5839 /* PydioConnector.m in Sources */ = {isa = PBXBuildFile; fileRef = 3D03A6781867171200DC5839 /* PydioConnector.m */; };
		3DFF3AE6186648C900A766D7 /* Foundation.framework in Frameworks */ = {isa = PBXBuildFile; fileRef = 3DFF3AE5186648C900A766D7 /* Foundation.framework */; };
		3DFF3AE8186648C900A766D7 /* CoreGraphics.framework in Frameworks */ = {isa = PBXBuildFile; fileRef = 3DFF3AE7186648C900A766D7 /* CoreGraphics.framework */; };
		3DFF3AEA186648C900A766D7 /* UIKit.framework in Frameworks */ = {isa = PBXBuildFile; fileRef = 3DFF3AE9186648C900A766D7 /* UIKit.framework */; };
		3DFF3AF0186648C900A766D7 /* InfoPlist.strings in Resources */ = {isa = PBXBuildFile; fileRef = 3DFF3AEE186648C900A766D7 /* InfoPlist.strings */; };
		3DFF3AF2186648C900A766D7 /* main.m in Sources */ = {isa = PBXBuildFile; fileRef = 3DFF3AF1186648C900A766D7 /* main.m */; };
		3DFF3AF6186648C900A766D7 /* AppDelegate.m in Sources */ = {isa = PBXBuildFile; fileRef = 3DFF3AF5186648C900A766D7 /* AppDelegate.m */; };
		3DFF3AF9186648C900A766D7 /* Main.storyboard in Resources */ = {isa = PBXBuildFile; fileRef = 3DFF3AF7186648C900A766D7 /* Main.storyboard */; };
		3DFF3AFC186648C900A766D7 /* ViewController.m in Sources */ = {isa = PBXBuildFile; fileRef = 3DFF3AFB186648C900A766D7 /* ViewController.m */; };
		3DFF3AFE186648C900A766D7 /* Images.xcassets in Resources */ = {isa = PBXBuildFile; fileRef = 3DFF3AFD186648C900A766D7 /* Images.xcassets */; };
		3DFF3B05186648CA00A766D7 /* XCTest.framework in Frameworks */ = {isa = PBXBuildFile; fileRef = 3DFF3B04186648C900A766D7 /* XCTest.framework */; };
		3DFF3B06186648CA00A766D7 /* Foundation.framework in Frameworks */ = {isa = PBXBuildFile; fileRef = 3DFF3AE5186648C900A766D7 /* Foundation.framework */; };
		3DFF3B07186648CA00A766D7 /* UIKit.framework in Frameworks */ = {isa = PBXBuildFile; fileRef = 3DFF3AE9186648C900A766D7 /* UIKit.framework */; };
		3DFF3B0F186648CA00A766D7 /* InfoPlist.strings in Resources */ = {isa = PBXBuildFile; fileRef = 3DFF3B0D186648CA00A766D7 /* InfoPlist.strings */; };
		3DFF3B2F18664EEF00A766D7 /* AFHTTPRequestOperation.m in Sources */ = {isa = PBXBuildFile; fileRef = 3DFF3B1D18664EEF00A766D7 /* AFHTTPRequestOperation.m */; };
		3DFF3B3018664EEF00A766D7 /* AFHTTPRequestOperationManager.m in Sources */ = {isa = PBXBuildFile; fileRef = 3DFF3B1F18664EEF00A766D7 /* AFHTTPRequestOperationManager.m */; };
		3DFF3B3118664EEF00A766D7 /* AFHTTPSessionManager.m in Sources */ = {isa = PBXBuildFile; fileRef = 3DFF3B2118664EEF00A766D7 /* AFHTTPSessionManager.m */; };
		3DFF3B3218664EEF00A766D7 /* AFNetworkReachabilityManager.m in Sources */ = {isa = PBXBuildFile; fileRef = 3DFF3B2418664EEF00A766D7 /* AFNetworkReachabilityManager.m */; };
		3DFF3B3318664EEF00A766D7 /* AFSecurityPolicy.m in Sources */ = {isa = PBXBuildFile; fileRef = 3DFF3B2618664EEF00A766D7 /* AFSecurityPolicy.m */; };
		3DFF3B3418664EEF00A766D7 /* AFURLConnectionOperation.m in Sources */ = {isa = PBXBuildFile; fileRef = 3DFF3B2818664EEF00A766D7 /* AFURLConnectionOperation.m */; };
		3DFF3B3518664EEF00A766D7 /* AFURLRequestSerialization.m in Sources */ = {isa = PBXBuildFile; fileRef = 3DFF3B2A18664EEF00A766D7 /* AFURLRequestSerialization.m */; };
		3DFF3B3618664EEF00A766D7 /* AFURLResponseSerialization.m in Sources */ = {isa = PBXBuildFile; fileRef = 3DFF3B2C18664EEF00A766D7 /* AFURLResponseSerialization.m */; };
		3DFF3B3718664EEF00A766D7 /* AFURLSessionManager.m in Sources */ = {isa = PBXBuildFile; fileRef = 3DFF3B2E18664EEF00A766D7 /* AFURLSessionManager.m */; };
		8910F5F218786EFA0005BED4 /* NSString+Hash.m in Sources */ = {isa = PBXBuildFile; fileRef = 8910F5F118786EFA0005BED4 /* NSString+Hash.m */; };
		8910F5F5187874430005BED4 /* BootConfResponseSerializer.m in Sources */ = {isa = PBXBuildFile; fileRef = 8910F5F4187874430005BED4 /* BootConfResponseSerializer.m */; };
		8910F5F818788A7A0005BED4 /* GetSeedResponseSerializer.m in Sources */ = {isa = PBXBuildFile; fileRef = 8910F5F718788A7A0005BED4 /* GetSeedResponseSerializer.m */; };
		8910F5FC1878927B0005BED4 /* LoginResponseSerializer.m in Sources */ = {isa = PBXBuildFile; fileRef = 8910F5FB1878927B0005BED4 /* LoginResponseSerializer.m */; };
		8910F6011878A3410005BED4 /* NotAuthorizedResponseParserDelegate.m in Sources */ = {isa = PBXBuildFile; fileRef = 8910F6001878A3410005BED4 /* NotAuthorizedResponseParserDelegate.m */; };
		8940130A188443C90044001D /* User.m in Sources */ = {isa = PBXBuildFile; fileRef = 89401309188443C90044001D /* User.m */; };
		89401D231883318F005A030A /* CookieManager.m in Sources */ = {isa = PBXBuildFile; fileRef = 89401D221883318F005A030A /* CookieManager.m */; };
		899D93EE188BF00F00E9FD25 /* NotAuthorizedResponseSerializer.m in Sources */ = {isa = PBXBuildFile; fileRef = 899D93ED188BF00F00E9FD25 /* NotAuthorizedResponseSerializer.m */; };
		89A554FF188C03F1008C1B64 /* NotAuthorizedResponse.m in Sources */ = {isa = PBXBuildFile; fileRef = 89A554FE188C03F1008C1B64 /* NotAuthorizedResponse.m */; };
		89A5A6661888F7B300365E24 /* OperationsClientTests.m in Sources */ = {isa = PBXBuildFile; fileRef = 89A5A6651888F7B300365E24 /* OperationsClientTests.m */; };
		89A6AA3F187B0A30003A6BDA /* BootConfResponseSerializerTests.m in Sources */ = {isa = PBXBuildFile; fileRef = 89A6AA3E187B0A30003A6BDA /* BootConfResponseSerializerTests.m */; };
		89A6AA42187B1E31003A6BDA /* AuthorizationClientTests.m in Sources */ = {isa = PBXBuildFile; fileRef = 89A6AA41187B1E31003A6BDA /* AuthorizationClientTests.m */; };
		89A6AA46187B4436003A6BDA /* AuthorizationClient.m in Sources */ = {isa = PBXBuildFile; fileRef = 89A6AA45187B4436003A6BDA /* AuthorizationClient.m */; };
		89A6C8A5189469A200EA5D13 /* GetSeedResponseSerializerTests.m in Sources */ = {isa = PBXBuildFile; fileRef = 89A6C8A4189469A200EA5D13 /* GetSeedResponseSerializerTests.m */; };
		89A84FF41885F5B800AFC2F0 /* OperationsClient.m in Sources */ = {isa = PBXBuildFile; fileRef = 89A84FF31885F5B800AFC2F0 /* OperationsClient.m */; };
		89AA1A751879AF0900679E04 /* OCHamcrestIOS.framework in Frameworks */ = {isa = PBXBuildFile; fileRef = 89AA1A741879AF0900679E04 /* OCHamcrestIOS.framework */; };
		89AA1A791879B54C00679E04 /* OCMockitoIOS.framework in Frameworks */ = {isa = PBXBuildFile; fileRef = 89AA1A781879B54C00679E04 /* OCMockitoIOS.framework */; };
		89ABACFB1893B3E200E1420D /* NotAuthorizedResponseParserDelegateTests.m in Sources */ = {isa = PBXBuildFile; fileRef = 89ABACFA1893B3E200E1420D /* NotAuthorizedResponseParserDelegateTests.m */; };
		89ABACFD1893BDC800E1420D /* unathorized_response.xml in Resources */ = {isa = PBXBuildFile; fileRef = 89ABACFC1893BDC800E1420D /* unathorized_response.xml */; };
		89ABACFF1893BEF700E1420D /* unathorized_response2.xml in Resources */ = {isa = PBXBuildFile; fileRef = 89ABACFE1893BEF700E1420D /* unathorized_response2.xml */; };
		89ABAD021893D51400E1420D /* XCTestCase+XMLFixture.m in Sources */ = {isa = PBXBuildFile; fileRef = 89ABAD011893D51400E1420D /* XCTestCase+XMLFixture.m */; };
		89AC1AC8188D8CAD00ACAD7C /* RepositoriesParserStates.m in Sources */ = {isa = PBXBuildFile; fileRef = 89AC1AC7188D8CAD00ACAD7C /* RepositoriesParserStates.m */; };
		89AC1ACB188DA30800ACAD7C /* Repository.m in Sources */ = {isa = PBXBuildFile; fileRef = 89AC1ACA188DA30800ACAD7C /* Repository.m */; };
		89AC1ACF188DC92D00ACAD7C /* RepositoriesResponseSerializerTests.m in Sources */ = {isa = PBXBuildFile; fileRef = 89AC1ACE188DC92D00ACAD7C /* RepositoriesResponseSerializerTests.m */; };
		89AC1AD2188DDFB300ACAD7C /* RepositoriesParserDelegateTests.m in Sources */ = {isa = PBXBuildFile; fileRef = 89AC1AD1188DDFB300ACAD7C /* RepositoriesParserDelegateTests.m */; };
		89AC1AD5188DE98600ACAD7C /* get_registers_response.xml in Resources */ = {isa = PBXBuildFile; fileRef = 89AC1AD4188DE98600ACAD7C /* get_registers_response.xml */; };
		89AD27671878198300033083 /* ServerConfig.m in Sources */ = {isa = PBXBuildFile; fileRef = 89AD27661878198300033083 /* ServerConfig.m */; };
		89AD37731893F260007E3F43 /* LoginResponseSerializerTests.m in Sources */ = {isa = PBXBuildFile; fileRef = 89AD37721893F260007E3F43 /* LoginResponseSerializerTests.m */; };
		89B13A9D18917A13007282EB /* CookieManagerTests.m in Sources */ = {isa = PBXBuildFile; fileRef = 89B13A9C18917A13007282EB /* CookieManagerTests.m */; };
		89B35609188C6FB000C62728 /* RepositoriesResponseSerializer.m in Sources */ = {isa = PBXBuildFile; fileRef = 89B35608188C6FB000C62728 /* RepositoriesResponseSerializer.m */; };
		89B3560C188C70A500C62728 /* RepositoriesParserDelegate.m in Sources */ = {isa = PBXBuildFile; fileRef = 89B3560B188C70A500C62728 /* RepositoriesParserDelegate.m */; };
		89B429EB187F4BAB005F6580 /* PydioClient.m in Sources */ = {isa = PBXBuildFile; fileRef = 89B429EA187F4BAB005F6580 /* PydioClient.m */; };
		89B429ED187F4BD0005F6580 /* PydioClientTests.m in Sources */ = {isa = PBXBuildFile; fileRef = 89B429EC187F4BD0005F6580 /* PydioClientTests.m */; };
		89B4780A187DFCE700A9CFC5 /* AuthCredentials.m in Sources */ = {isa = PBXBuildFile; fileRef = 89B47809187DFCE700A9CFC5 /* AuthCredentials.m */; };
		89BD973E1891A20C0054CFA2 /* login_response.xml in Resources */ = {isa = PBXBuildFile; fileRef = 89BD973D1891A20C0054CFA2 /* login_response.xml */; };
		89BD97401891A2710054CFA2 /* LoginResponseParserDelegateTests.m in Sources */ = {isa = PBXBuildFile; fileRef = 89BD973F1891A2710054CFA2 /* LoginResponseParserDelegateTests.m */; };
		89C2A9C71878C4EE0051B8E6 /* LoginResponseParserDelegate.m in Sources */ = {isa = PBXBuildFile; fileRef = 89C2A9C61878C4EE0051B8E6 /* LoginResponseParserDelegate.m */; };
		89C2A9CA1878CD440051B8E6 /* LoginResponse.m in Sources */ = {isa = PBXBuildFile; fileRef = 89C2A9C91878CD440051B8E6 /* LoginResponse.m */; };
/* End PBXBuildFile section */

/* Begin PBXContainerItemProxy section */
		3DFF3B08186648CA00A766D7 /* PBXContainerItemProxy */ = {
			isa = PBXContainerItemProxy;
			containerPortal = 3DFF3ADA186648C900A766D7 /* Project object */;
			proxyType = 1;
			remoteGlobalIDString = 3DFF3AE1186648C900A766D7;
			remoteInfo = PydioSDK;
		};
/* End PBXContainerItemProxy section */

/* Begin PBXFileReference section */
		3D03A6771867171200DC5839 /* PydioConnector.h */ = {isa = PBXFileReference; fileEncoding = 4; lastKnownFileType = sourcecode.c.h; path = PydioConnector.h; sourceTree = "<group>"; };
		3D03A6781867171200DC5839 /* PydioConnector.m */ = {isa = PBXFileReference; fileEncoding = 4; lastKnownFileType = sourcecode.c.objc; path = PydioConnector.m; sourceTree = "<group>"; };
		3DFF3AE2186648C900A766D7 /* PydioSDK.app */ = {isa = PBXFileReference; explicitFileType = wrapper.application; includeInIndex = 0; path = PydioSDK.app; sourceTree = BUILT_PRODUCTS_DIR; };
		3DFF3AE5186648C900A766D7 /* Foundation.framework */ = {isa = PBXFileReference; lastKnownFileType = wrapper.framework; name = Foundation.framework; path = System/Library/Frameworks/Foundation.framework; sourceTree = SDKROOT; };
		3DFF3AE7186648C900A766D7 /* CoreGraphics.framework */ = {isa = PBXFileReference; lastKnownFileType = wrapper.framework; name = CoreGraphics.framework; path = System/Library/Frameworks/CoreGraphics.framework; sourceTree = SDKROOT; };
		3DFF3AE9186648C900A766D7 /* UIKit.framework */ = {isa = PBXFileReference; lastKnownFileType = wrapper.framework; name = UIKit.framework; path = System/Library/Frameworks/UIKit.framework; sourceTree = SDKROOT; };
		3DFF3AED186648C900A766D7 /* PydioSDK-Info.plist */ = {isa = PBXFileReference; lastKnownFileType = text.plist.xml; path = "PydioSDK-Info.plist"; sourceTree = "<group>"; };
		3DFF3AEF186648C900A766D7 /* en */ = {isa = PBXFileReference; lastKnownFileType = text.plist.strings; name = en; path = en.lproj/InfoPlist.strings; sourceTree = "<group>"; };
		3DFF3AF1186648C900A766D7 /* main.m */ = {isa = PBXFileReference; lastKnownFileType = sourcecode.c.objc; path = main.m; sourceTree = "<group>"; };
		3DFF3AF3186648C900A766D7 /* PydioSDK-Prefix.pch */ = {isa = PBXFileReference; lastKnownFileType = sourcecode.c.h; path = "PydioSDK-Prefix.pch"; sourceTree = "<group>"; };
		3DFF3AF4186648C900A766D7 /* AppDelegate.h */ = {isa = PBXFileReference; lastKnownFileType = sourcecode.c.h; path = AppDelegate.h; sourceTree = "<group>"; };
		3DFF3AF5186648C900A766D7 /* AppDelegate.m */ = {isa = PBXFileReference; lastKnownFileType = sourcecode.c.objc; path = AppDelegate.m; sourceTree = "<group>"; };
		3DFF3AF8186648C900A766D7 /* Base */ = {isa = PBXFileReference; lastKnownFileType = file.storyboard; name = Base; path = Base.lproj/Main.storyboard; sourceTree = "<group>"; };
		3DFF3AFA186648C900A766D7 /* ViewController.h */ = {isa = PBXFileReference; lastKnownFileType = sourcecode.c.h; path = ViewController.h; sourceTree = "<group>"; };
		3DFF3AFB186648C900A766D7 /* ViewController.m */ = {isa = PBXFileReference; lastKnownFileType = sourcecode.c.objc; path = ViewController.m; sourceTree = "<group>"; };
		3DFF3AFD186648C900A766D7 /* Images.xcassets */ = {isa = PBXFileReference; lastKnownFileType = folder.assetcatalog; path = Images.xcassets; sourceTree = "<group>"; };
		3DFF3B03186648C900A766D7 /* PydioSDKTests.xctest */ = {isa = PBXFileReference; explicitFileType = wrapper.cfbundle; includeInIndex = 0; path = PydioSDKTests.xctest; sourceTree = BUILT_PRODUCTS_DIR; };
		3DFF3B04186648C900A766D7 /* XCTest.framework */ = {isa = PBXFileReference; lastKnownFileType = wrapper.framework; name = XCTest.framework; path = Library/Frameworks/XCTest.framework; sourceTree = DEVELOPER_DIR; };
		3DFF3B0C186648CA00A766D7 /* PydioSDKTests-Info.plist */ = {isa = PBXFileReference; lastKnownFileType = text.plist.xml; path = "PydioSDKTests-Info.plist"; sourceTree = "<group>"; };
		3DFF3B0E186648CA00A766D7 /* en */ = {isa = PBXFileReference; lastKnownFileType = text.plist.strings; name = en; path = en.lproj/InfoPlist.strings; sourceTree = "<group>"; };
		3DFF3B1C18664EEF00A766D7 /* AFHTTPRequestOperation.h */ = {isa = PBXFileReference; fileEncoding = 4; lastKnownFileType = sourcecode.c.h; path = AFHTTPRequestOperation.h; sourceTree = "<group>"; };
		3DFF3B1D18664EEF00A766D7 /* AFHTTPRequestOperation.m */ = {isa = PBXFileReference; fileEncoding = 4; lastKnownFileType = sourcecode.c.objc; path = AFHTTPRequestOperation.m; sourceTree = "<group>"; };
		3DFF3B1E18664EEF00A766D7 /* AFHTTPRequestOperationManager.h */ = {isa = PBXFileReference; fileEncoding = 4; lastKnownFileType = sourcecode.c.h; path = AFHTTPRequestOperationManager.h; sourceTree = "<group>"; };
		3DFF3B1F18664EEF00A766D7 /* AFHTTPRequestOperationManager.m */ = {isa = PBXFileReference; fileEncoding = 4; lastKnownFileType = sourcecode.c.objc; path = AFHTTPRequestOperationManager.m; sourceTree = "<group>"; };
		3DFF3B2018664EEF00A766D7 /* AFHTTPSessionManager.h */ = {isa = PBXFileReference; fileEncoding = 4; lastKnownFileType = sourcecode.c.h; path = AFHTTPSessionManager.h; sourceTree = "<group>"; };
		3DFF3B2118664EEF00A766D7 /* AFHTTPSessionManager.m */ = {isa = PBXFileReference; fileEncoding = 4; lastKnownFileType = sourcecode.c.objc; path = AFHTTPSessionManager.m; sourceTree = "<group>"; };
		3DFF3B2218664EEF00A766D7 /* AFNetworking.h */ = {isa = PBXFileReference; fileEncoding = 4; lastKnownFileType = sourcecode.c.h; path = AFNetworking.h; sourceTree = "<group>"; };
		3DFF3B2318664EEF00A766D7 /* AFNetworkReachabilityManager.h */ = {isa = PBXFileReference; fileEncoding = 4; lastKnownFileType = sourcecode.c.h; path = AFNetworkReachabilityManager.h; sourceTree = "<group>"; };
		3DFF3B2418664EEF00A766D7 /* AFNetworkReachabilityManager.m */ = {isa = PBXFileReference; fileEncoding = 4; lastKnownFileType = sourcecode.c.objc; path = AFNetworkReachabilityManager.m; sourceTree = "<group>"; };
		3DFF3B2518664EEF00A766D7 /* AFSecurityPolicy.h */ = {isa = PBXFileReference; fileEncoding = 4; lastKnownFileType = sourcecode.c.h; path = AFSecurityPolicy.h; sourceTree = "<group>"; };
		3DFF3B2618664EEF00A766D7 /* AFSecurityPolicy.m */ = {isa = PBXFileReference; fileEncoding = 4; lastKnownFileType = sourcecode.c.objc; path = AFSecurityPolicy.m; sourceTree = "<group>"; };
		3DFF3B2718664EEF00A766D7 /* AFURLConnectionOperation.h */ = {isa = PBXFileReference; fileEncoding = 4; lastKnownFileType = sourcecode.c.h; path = AFURLConnectionOperation.h; sourceTree = "<group>"; };
		3DFF3B2818664EEF00A766D7 /* AFURLConnectionOperation.m */ = {isa = PBXFileReference; fileEncoding = 4; lastKnownFileType = sourcecode.c.objc; path = AFURLConnectionOperation.m; sourceTree = "<group>"; };
		3DFF3B2918664EEF00A766D7 /* AFURLRequestSerialization.h */ = {isa = PBXFileReference; fileEncoding = 4; lastKnownFileType = sourcecode.c.h; path = AFURLRequestSerialization.h; sourceTree = "<group>"; };
		3DFF3B2A18664EEF00A766D7 /* AFURLRequestSerialization.m */ = {isa = PBXFileReference; fileEncoding = 4; lastKnownFileType = sourcecode.c.objc; path = AFURLRequestSerialization.m; sourceTree = "<group>"; };
		3DFF3B2B18664EEF00A766D7 /* AFURLResponseSerialization.h */ = {isa = PBXFileReference; fileEncoding = 4; lastKnownFileType = sourcecode.c.h; path = AFURLResponseSerialization.h; sourceTree = "<group>"; };
		3DFF3B2C18664EEF00A766D7 /* AFURLResponseSerialization.m */ = {isa = PBXFileReference; fileEncoding = 4; lastKnownFileType = sourcecode.c.objc; path = AFURLResponseSerialization.m; sourceTree = "<group>"; };
		3DFF3B2D18664EEF00A766D7 /* AFURLSessionManager.h */ = {isa = PBXFileReference; fileEncoding = 4; lastKnownFileType = sourcecode.c.h; path = AFURLSessionManager.h; sourceTree = "<group>"; };
		3DFF3B2E18664EEF00A766D7 /* AFURLSessionManager.m */ = {isa = PBXFileReference; fileEncoding = 4; lastKnownFileType = sourcecode.c.objc; path = AFURLSessionManager.m; sourceTree = "<group>"; };
		8910F5F018786EFA0005BED4 /* NSString+Hash.h */ = {isa = PBXFileReference; fileEncoding = 4; lastKnownFileType = sourcecode.c.h; path = "NSString+Hash.h"; sourceTree = "<group>"; };
		8910F5F118786EFA0005BED4 /* NSString+Hash.m */ = {isa = PBXFileReference; fileEncoding = 4; lastKnownFileType = sourcecode.c.objc; path = "NSString+Hash.m"; sourceTree = "<group>"; };
		8910F5F3187874430005BED4 /* BootConfResponseSerializer.h */ = {isa = PBXFileReference; fileEncoding = 4; lastKnownFileType = sourcecode.c.h; path = BootConfResponseSerializer.h; sourceTree = "<group>"; };
		8910F5F4187874430005BED4 /* BootConfResponseSerializer.m */ = {isa = PBXFileReference; fileEncoding = 4; lastKnownFileType = sourcecode.c.objc; path = BootConfResponseSerializer.m; sourceTree = "<group>"; };
		8910F5F618788A7A0005BED4 /* GetSeedResponseSerializer.h */ = {isa = PBXFileReference; fileEncoding = 4; lastKnownFileType = sourcecode.c.h; path = GetSeedResponseSerializer.h; sourceTree = "<group>"; };
		8910F5F718788A7A0005BED4 /* GetSeedResponseSerializer.m */ = {isa = PBXFileReference; fileEncoding = 4; lastKnownFileType = sourcecode.c.objc; path = GetSeedResponseSerializer.m; sourceTree = "<group>"; };
		8910F5FA1878927B0005BED4 /* LoginResponseSerializer.h */ = {isa = PBXFileReference; fileEncoding = 4; lastKnownFileType = sourcecode.c.h; path = LoginResponseSerializer.h; sourceTree = "<group>"; };
		8910F5FB1878927B0005BED4 /* LoginResponseSerializer.m */ = {isa = PBXFileReference; fileEncoding = 4; lastKnownFileType = sourcecode.c.objc; path = LoginResponseSerializer.m; sourceTree = "<group>"; };
		8910F5FF1878A3410005BED4 /* NotAuthorizedResponseParserDelegate.h */ = {isa = PBXFileReference; fileEncoding = 4; lastKnownFileType = sourcecode.c.h; path = NotAuthorizedResponseParserDelegate.h; sourceTree = "<group>"; };
		8910F6001878A3410005BED4 /* NotAuthorizedResponseParserDelegate.m */ = {isa = PBXFileReference; fileEncoding = 4; lastKnownFileType = sourcecode.c.objc; path = NotAuthorizedResponseParserDelegate.m; sourceTree = "<group>"; };
		89401308188443C90044001D /* User.h */ = {isa = PBXFileReference; fileEncoding = 4; lastKnownFileType = sourcecode.c.h; path = User.h; sourceTree = "<group>"; };
		89401309188443C90044001D /* User.m */ = {isa = PBXFileReference; fileEncoding = 4; lastKnownFileType = sourcecode.c.objc; path = User.m; sourceTree = "<group>"; };
		89401D211883318F005A030A /* CookieManager.h */ = {isa = PBXFileReference; fileEncoding = 4; lastKnownFileType = sourcecode.c.h; path = CookieManager.h; sourceTree = "<group>"; };
		89401D221883318F005A030A /* CookieManager.m */ = {isa = PBXFileReference; fileEncoding = 4; lastKnownFileType = sourcecode.c.objc; path = CookieManager.m; sourceTree = "<group>"; };
		89401D2518833DFB005A030A /* oldPydioClient.h */ = {isa = PBXFileReference; lastKnownFileType = sourcecode.c.h; path = oldPydioClient.h; sourceTree = "<group>"; };
		899D93EC188BF00F00E9FD25 /* NotAuthorizedResponseSerializer.h */ = {isa = PBXFileReference; fileEncoding = 4; lastKnownFileType = sourcecode.c.h; path = NotAuthorizedResponseSerializer.h; sourceTree = "<group>"; };
		899D93ED188BF00F00E9FD25 /* NotAuthorizedResponseSerializer.m */ = {isa = PBXFileReference; fileEncoding = 4; lastKnownFileType = sourcecode.c.objc; path = NotAuthorizedResponseSerializer.m; sourceTree = "<group>"; };
		89A554FD188C03F1008C1B64 /* NotAuthorizedResponse.h */ = {isa = PBXFileReference; fileEncoding = 4; lastKnownFileType = sourcecode.c.h; path = NotAuthorizedResponse.h; sourceTree = "<group>"; };
		89A554FE188C03F1008C1B64 /* NotAuthorizedResponse.m */ = {isa = PBXFileReference; fileEncoding = 4; lastKnownFileType = sourcecode.c.objc; path = NotAuthorizedResponse.m; sourceTree = "<group>"; };
		89A5A6651888F7B300365E24 /* OperationsClientTests.m */ = {isa = PBXFileReference; fileEncoding = 4; lastKnownFileType = sourcecode.c.objc; path = OperationsClientTests.m; sourceTree = "<group>"; };
		89A6AA3E187B0A30003A6BDA /* BootConfResponseSerializerTests.m */ = {isa = PBXFileReference; fileEncoding = 4; lastKnownFileType = sourcecode.c.objc; path = BootConfResponseSerializerTests.m; sourceTree = "<group>"; };
		89A6AA41187B1E31003A6BDA /* AuthorizationClientTests.m */ = {isa = PBXFileReference; fileEncoding = 4; lastKnownFileType = sourcecode.c.objc; path = AuthorizationClientTests.m; sourceTree = "<group>"; };
		89A6AA44187B4436003A6BDA /* AuthorizationClient.h */ = {isa = PBXFileReference; fileEncoding = 4; lastKnownFileType = sourcecode.c.h; path = AuthorizationClient.h; sourceTree = "<group>"; };
		89A6AA45187B4436003A6BDA /* AuthorizationClient.m */ = {isa = PBXFileReference; fileEncoding = 4; lastKnownFileType = sourcecode.c.objc; path = AuthorizationClient.m; sourceTree = "<group>"; };
		89A6C8A4189469A200EA5D13 /* GetSeedResponseSerializerTests.m */ = {isa = PBXFileReference; fileEncoding = 4; lastKnownFileType = sourcecode.c.objc; path = GetSeedResponseSerializerTests.m; sourceTree = "<group>"; };
		89A84FF21885F5B800AFC2F0 /* OperationsClient.h */ = {isa = PBXFileReference; fileEncoding = 4; lastKnownFileType = sourcecode.c.h; path = OperationsClient.h; sourceTree = "<group>"; };
		89A84FF31885F5B800AFC2F0 /* OperationsClient.m */ = {isa = PBXFileReference; fileEncoding = 4; lastKnownFileType = sourcecode.c.objc; path = OperationsClient.m; sourceTree = "<group>"; };
		89AA1A741879AF0900679E04 /* OCHamcrestIOS.framework */ = {isa = PBXFileReference; lastKnownFileType = wrapper.framework; name = OCHamcrestIOS.framework; path = Frameworks/OCHamcrestIOS.framework; sourceTree = "<group>"; };
		89AA1A781879B54C00679E04 /* OCMockitoIOS.framework */ = {isa = PBXFileReference; lastKnownFileType = wrapper.framework; name = OCMockitoIOS.framework; path = Frameworks/OCMockitoIOS.framework; sourceTree = "<group>"; };
		89ABACFA1893B3E200E1420D /* NotAuthorizedResponseParserDelegateTests.m */ = {isa = PBXFileReference; fileEncoding = 4; lastKnownFileType = sourcecode.c.objc; path = NotAuthorizedResponseParserDelegateTests.m; sourceTree = "<group>"; };
		89ABACFC1893BDC800E1420D /* unathorized_response.xml */ = {isa = PBXFileReference; fileEncoding = 4; lastKnownFileType = text.xml; path = unathorized_response.xml; sourceTree = "<group>"; };
		89ABACFE1893BEF700E1420D /* unathorized_response2.xml */ = {isa = PBXFileReference; fileEncoding = 4; lastKnownFileType = text.xml; path = unathorized_response2.xml; sourceTree = "<group>"; };
		89ABAD001893D51400E1420D /* XCTestCase+XMLFixture.h */ = {isa = PBXFileReference; fileEncoding = 4; lastKnownFileType = sourcecode.c.h; path = "XCTestCase+XMLFixture.h"; sourceTree = "<group>"; };
		89ABAD011893D51400E1420D /* XCTestCase+XMLFixture.m */ = {isa = PBXFileReference; fileEncoding = 4; lastKnownFileType = sourcecode.c.objc; path = "XCTestCase+XMLFixture.m"; sourceTree = "<group>"; };
		89AC1AC5188D8AE100ACAD7C /* RepositoriesParserDelegate_Private.h */ = {isa = PBXFileReference; lastKnownFileType = sourcecode.c.h; path = RepositoriesParserDelegate_Private.h; sourceTree = "<group>"; };
		89AC1AC6188D8CAD00ACAD7C /* RepositoriesParserStates.h */ = {isa = PBXFileReference; fileEncoding = 4; lastKnownFileType = sourcecode.c.h; path = RepositoriesParserStates.h; sourceTree = "<group>"; };
		89AC1AC7188D8CAD00ACAD7C /* RepositoriesParserStates.m */ = {isa = PBXFileReference; fileEncoding = 4; lastKnownFileType = sourcecode.c.objc; path = RepositoriesParserStates.m; sourceTree = "<group>"; };
		89AC1AC9188DA30800ACAD7C /* Repository.h */ = {isa = PBXFileReference; fileEncoding = 4; lastKnownFileType = sourcecode.c.h; path = Repository.h; sourceTree = "<group>"; };
		89AC1ACA188DA30800ACAD7C /* Repository.m */ = {isa = PBXFileReference; fileEncoding = 4; lastKnownFileType = sourcecode.c.objc; path = Repository.m; sourceTree = "<group>"; };
		89AC1ACE188DC92D00ACAD7C /* RepositoriesResponseSerializerTests.m */ = {isa = PBXFileReference; fileEncoding = 4; lastKnownFileType = sourcecode.c.objc; path = RepositoriesResponseSerializerTests.m; sourceTree = "<group>"; };
		89AC1AD1188DDFB300ACAD7C /* RepositoriesParserDelegateTests.m */ = {isa = PBXFileReference; fileEncoding = 4; lastKnownFileType = sourcecode.c.objc; path = RepositoriesParserDelegateTests.m; sourceTree = "<group>"; };
		89AC1AD4188DE98600ACAD7C /* get_registers_response.xml */ = {isa = PBXFileReference; fileEncoding = 4; lastKnownFileType = text.xml; path = get_registers_response.xml; sourceTree = "<group>"; };
		89AD27651878198300033083 /* ServerConfig.h */ = {isa = PBXFileReference; fileEncoding = 4; lastKnownFileType = sourcecode.c.h; path = ServerConfig.h; sourceTree = "<group>"; };
		89AD27661878198300033083 /* ServerConfig.m */ = {isa = PBXFileReference; fileEncoding = 4; lastKnownFileType = sourcecode.c.objc; path = ServerConfig.m; sourceTree = "<group>"; };
		89AD37721893F260007E3F43 /* LoginResponseSerializerTests.m */ = {isa = PBXFileReference; fileEncoding = 4; lastKnownFileType = sourcecode.c.objc; path = LoginResponseSerializerTests.m; sourceTree = "<group>"; };
		89B13A9C18917A13007282EB /* CookieManagerTests.m */ = {isa = PBXFileReference; fileEncoding = 4; lastKnownFileType = sourcecode.c.objc; path = CookieManagerTests.m; sourceTree = "<group>"; };
		89B35607188C6FB000C62728 /* RepositoriesResponseSerializer.h */ = {isa = PBXFileReference; fileEncoding = 4; lastKnownFileType = sourcecode.c.h; path = RepositoriesResponseSerializer.h; sourceTree = "<group>"; };
		89B35608188C6FB000C62728 /* RepositoriesResponseSerializer.m */ = {isa = PBXFileReference; fileEncoding = 4; lastKnownFileType = sourcecode.c.objc; path = RepositoriesResponseSerializer.m; sourceTree = "<group>"; };
		89B3560A188C70A500C62728 /* RepositoriesParserDelegate.h */ = {isa = PBXFileReference; fileEncoding = 4; lastKnownFileType = sourcecode.c.h; path = RepositoriesParserDelegate.h; sourceTree = "<group>"; };
		89B3560B188C70A500C62728 /* RepositoriesParserDelegate.m */ = {isa = PBXFileReference; fileEncoding = 4; lastKnownFileType = sourcecode.c.objc; path = RepositoriesParserDelegate.m; sourceTree = "<group>"; };
		89B429E9187F4BAB005F6580 /* PydioClient.h */ = {isa = PBXFileReference; fileEncoding = 4; lastKnownFileType = sourcecode.c.h; path = PydioClient.h; sourceTree = "<group>"; };
		89B429EA187F4BAB005F6580 /* PydioClient.m */ = {isa = PBXFileReference; fileEncoding = 4; lastKnownFileType = sourcecode.c.objc; path = PydioClient.m; sourceTree = "<group>"; };
		89B429EC187F4BD0005F6580 /* PydioClientTests.m */ = {isa = PBXFileReference; fileEncoding = 4; lastKnownFileType = sourcecode.c.objc; path = PydioClientTests.m; sourceTree = "<group>"; };
		89B47808187DFCE700A9CFC5 /* AuthCredentials.h */ = {isa = PBXFileReference; fileEncoding = 4; lastKnownFileType = sourcecode.c.h; path = AuthCredentials.h; sourceTree = "<group>"; };
		89B47809187DFCE700A9CFC5 /* AuthCredentials.m */ = {isa = PBXFileReference; fileEncoding = 4; lastKnownFileType = sourcecode.c.objc; path = AuthCredentials.m; sourceTree = "<group>"; };
		89BD973D1891A20C0054CFA2 /* login_response.xml */ = {isa = PBXFileReference; fileEncoding = 4; lastKnownFileType = text.xml; path = login_response.xml; sourceTree = "<group>"; };
		89BD973F1891A2710054CFA2 /* LoginResponseParserDelegateTests.m */ = {isa = PBXFileReference; fileEncoding = 4; lastKnownFileType = sourcecode.c.objc; path = LoginResponseParserDelegateTests.m; sourceTree = "<group>"; };
		89C2A9C51878C4EE0051B8E6 /* LoginResponseParserDelegate.h */ = {isa = PBXFileReference; fileEncoding = 4; lastKnownFileType = sourcecode.c.h; path = LoginResponseParserDelegate.h; sourceTree = "<group>"; };
		89C2A9C61878C4EE0051B8E6 /* LoginResponseParserDelegate.m */ = {isa = PBXFileReference; fileEncoding = 4; lastKnownFileType = sourcecode.c.objc; path = LoginResponseParserDelegate.m; sourceTree = "<group>"; };
		89C2A9C81878CD440051B8E6 /* LoginResponse.h */ = {isa = PBXFileReference; fileEncoding = 4; lastKnownFileType = sourcecode.c.h; path = LoginResponse.h; sourceTree = "<group>"; };
		89C2A9C91878CD440051B8E6 /* LoginResponse.m */ = {isa = PBXFileReference; fileEncoding = 4; lastKnownFileType = sourcecode.c.objc; path = LoginResponse.m; sourceTree = "<group>"; };
		89E5A14B1887156F001CE77D /* PydioErrors.h */ = {isa = PBXFileReference; lastKnownFileType = sourcecode.c.h; path = PydioErrors.h; sourceTree = "<group>"; };
/* End PBXFileReference section */

/* Begin PBXFrameworksBuildPhase section */
		3DFF3ADF186648C900A766D7 /* Frameworks */ = {
			isa = PBXFrameworksBuildPhase;
			buildActionMask = 2147483647;
			files = (
				3DFF3AE8186648C900A766D7 /* CoreGraphics.framework in Frameworks */,
				3DFF3AEA186648C900A766D7 /* UIKit.framework in Frameworks */,
				3DFF3AE6186648C900A766D7 /* Foundation.framework in Frameworks */,
			);
			runOnlyForDeploymentPostprocessing = 0;
		};
		3DFF3B00186648C900A766D7 /* Frameworks */ = {
			isa = PBXFrameworksBuildPhase;
			buildActionMask = 2147483647;
			files = (
				3DFF3B05186648CA00A766D7 /* XCTest.framework in Frameworks */,
				3DFF3B07186648CA00A766D7 /* UIKit.framework in Frameworks */,
				3DFF3B06186648CA00A766D7 /* Foundation.framework in Frameworks */,
				89AA1A751879AF0900679E04 /* OCHamcrestIOS.framework in Frameworks */,
				89AA1A791879B54C00679E04 /* OCMockitoIOS.framework in Frameworks */,
			);
			runOnlyForDeploymentPostprocessing = 0;
		};
/* End PBXFrameworksBuildPhase section */

/* Begin PBXGroup section */
		3D03A67B1867176700DC5839 /* Classes */ = {
			isa = PBXGroup;
			children = (
				3DFF3AF4186648C900A766D7 /* AppDelegate.h */,
				3DFF3AF5186648C900A766D7 /* AppDelegate.m */,
				89A6AA43187B440A003A6BDA /* Clients */,
				89401D211883318F005A030A /* CookieManager.h */,
				89401D221883318F005A030A /* CookieManager.m */,
				8910F5FE18789F870005BED4 /* Data */,
				3D03A6771867171200DC5839 /* PydioConnector.h */,
				3D03A6781867171200DC5839 /* PydioConnector.m */,
				89E5A14B1887156F001CE77D /* PydioErrors.h */,
				89AC1ACC188DAEDD00ACAD7C /* ResponseParsers */,
				89AC1ACD188DBE1900ACAD7C /* Responses */,
				8910F5FD18789E2E0005BED4 /* ResponseSerializers */,
				89401D2418833DAA005A030A /* toremove */,
				3DFF3AFA186648C900A766D7 /* ViewController.h */,
				3DFF3AFB186648C900A766D7 /* ViewController.m */,
			);
			path = Classes;
			sourceTree = "<group>";
		};
		3DFF3AD9186648C900A766D7 = {
			isa = PBXGroup;
			children = (
				3DFF3B3818664F1900A766D7 /* ExternalLibraries */,
				3DFF3AEB186648C900A766D7 /* PydioSDK */,
				3DFF3B0A186648CA00A766D7 /* PydioSDKTests */,
				3DFF3AE4186648C900A766D7 /* Frameworks */,
				3DFF3AE3186648C900A766D7 /* Products */,
			);
			sourceTree = "<group>";
		};
		3DFF3AE3186648C900A766D7 /* Products */ = {
			isa = PBXGroup;
			children = (
				3DFF3AE2186648C900A766D7 /* PydioSDK.app */,
				3DFF3B03186648C900A766D7 /* PydioSDKTests.xctest */,
			);
			name = Products;
			sourceTree = "<group>";
		};
		3DFF3AE4186648C900A766D7 /* Frameworks */ = {
			isa = PBXGroup;
			children = (
				89AA1A781879B54C00679E04 /* OCMockitoIOS.framework */,
				89AA1A741879AF0900679E04 /* OCHamcrestIOS.framework */,
				3DFF3AE5186648C900A766D7 /* Foundation.framework */,
				3DFF3AE7186648C900A766D7 /* CoreGraphics.framework */,
				3DFF3AE9186648C900A766D7 /* UIKit.framework */,
				3DFF3B04186648C900A766D7 /* XCTest.framework */,
			);
			name = Frameworks;
			sourceTree = "<group>";
		};
		3DFF3AEB186648C900A766D7 /* PydioSDK */ = {
			isa = PBXGroup;
			children = (
				3D03A67B1867176700DC5839 /* Classes */,
				3DFF3AFD186648C900A766D7 /* Images.xcassets */,
				3DFF3AF7186648C900A766D7 /* Main.storyboard */,
				3DFF3AEC186648C900A766D7 /* Supporting Files */,
			);
			path = PydioSDK;
			sourceTree = "<group>";
		};
		3DFF3AEC186648C900A766D7 /* Supporting Files */ = {
			isa = PBXGroup;
			children = (
				3DFF3AED186648C900A766D7 /* PydioSDK-Info.plist */,
				3DFF3AEE186648C900A766D7 /* InfoPlist.strings */,
				3DFF3AF1186648C900A766D7 /* main.m */,
				3DFF3AF3186648C900A766D7 /* PydioSDK-Prefix.pch */,
			);
			name = "Supporting Files";
			sourceTree = "<group>";
		};
		3DFF3B0A186648CA00A766D7 /* PydioSDKTests */ = {
			isa = PBXGroup;
			children = (
				89AC1AD3188DE84900ACAD7C /* Fixtures */,
				89AC1AD0188DDD2700ACAD7C /* ResponseParsers */,
				89A6AA40187B1DE2003A6BDA /* Clients */,
				89A6AA3D187B0A03003A6BDA /* ResponseSerializers */,
				3DFF3B0B186648CA00A766D7 /* Supporting Files */,
				89B13A9C18917A13007282EB /* CookieManagerTests.m */,
			);
			path = PydioSDKTests;
			sourceTree = "<group>";
		};
		3DFF3B0B186648CA00A766D7 /* Supporting Files */ = {
			isa = PBXGroup;
			children = (
				3DFF3B0C186648CA00A766D7 /* PydioSDKTests-Info.plist */,
				3DFF3B0D186648CA00A766D7 /* InfoPlist.strings */,
			);
			name = "Supporting Files";
			sourceTree = "<group>";
		};
		3DFF3B1B18664EEF00A766D7 /* AFNetworking */ = {
			isa = PBXGroup;
			children = (
				3DFF3B1C18664EEF00A766D7 /* AFHTTPRequestOperation.h */,
				3DFF3B1D18664EEF00A766D7 /* AFHTTPRequestOperation.m */,
				3DFF3B1E18664EEF00A766D7 /* AFHTTPRequestOperationManager.h */,
				3DFF3B1F18664EEF00A766D7 /* AFHTTPRequestOperationManager.m */,
				3DFF3B2018664EEF00A766D7 /* AFHTTPSessionManager.h */,
				3DFF3B2118664EEF00A766D7 /* AFHTTPSessionManager.m */,
				3DFF3B2218664EEF00A766D7 /* AFNetworking.h */,
				3DFF3B2318664EEF00A766D7 /* AFNetworkReachabilityManager.h */,
				3DFF3B2418664EEF00A766D7 /* AFNetworkReachabilityManager.m */,
				3DFF3B2518664EEF00A766D7 /* AFSecurityPolicy.h */,
				3DFF3B2618664EEF00A766D7 /* AFSecurityPolicy.m */,
				3DFF3B2718664EEF00A766D7 /* AFURLConnectionOperation.h */,
				3DFF3B2818664EEF00A766D7 /* AFURLConnectionOperation.m */,
				3DFF3B2918664EEF00A766D7 /* AFURLRequestSerialization.h */,
				3DFF3B2A18664EEF00A766D7 /* AFURLRequestSerialization.m */,
				3DFF3B2B18664EEF00A766D7 /* AFURLResponseSerialization.h */,
				3DFF3B2C18664EEF00A766D7 /* AFURLResponseSerialization.m */,
				3DFF3B2D18664EEF00A766D7 /* AFURLSessionManager.h */,
				3DFF3B2E18664EEF00A766D7 /* AFURLSessionManager.m */,
			);
			name = AFNetworking;
			path = Libraries/AFNetworking/AFNetworking;
			sourceTree = "<group>";
		};
		3DFF3B3818664F1900A766D7 /* ExternalLibraries */ = {
			isa = PBXGroup;
			children = (
				3DFF3B1B18664EEF00A766D7 /* AFNetworking */,
			);
			name = ExternalLibraries;
			sourceTree = "<group>";
		};
		8910F5FD18789E2E0005BED4 /* ResponseSerializers */ = {
			isa = PBXGroup;
			children = (
				8910F5F3187874430005BED4 /* BootConfResponseSerializer.h */,
				8910F5F4187874430005BED4 /* BootConfResponseSerializer.m */,
				8910F5F618788A7A0005BED4 /* GetSeedResponseSerializer.h */,
				8910F5F718788A7A0005BED4 /* GetSeedResponseSerializer.m */,
				8910F5FA1878927B0005BED4 /* LoginResponseSerializer.h */,
				8910F5FB1878927B0005BED4 /* LoginResponseSerializer.m */,
				899D93EC188BF00F00E9FD25 /* NotAuthorizedResponseSerializer.h */,
				899D93ED188BF00F00E9FD25 /* NotAuthorizedResponseSerializer.m */,
				89B35607188C6FB000C62728 /* RepositoriesResponseSerializer.h */,
				89B35608188C6FB000C62728 /* RepositoriesResponseSerializer.m */,
			);
			path = ResponseSerializers;
			sourceTree = "<group>";
		};
		8910F5FE18789F870005BED4 /* Data */ = {
			isa = PBXGroup;
			children = (
				89B47808187DFCE700A9CFC5 /* AuthCredentials.h */,
				89B47809187DFCE700A9CFC5 /* AuthCredentials.m */,
				8910F5F018786EFA0005BED4 /* NSString+Hash.h */,
				8910F5F118786EFA0005BED4 /* NSString+Hash.m */,
				89AD27651878198300033083 /* ServerConfig.h */,
				89AD27661878198300033083 /* ServerConfig.m */,
				89401308188443C90044001D /* User.h */,
				89401309188443C90044001D /* User.m */,
			);
			path = Data;
			sourceTree = "<group>";
		};
		89401D2418833DAA005A030A /* toremove */ = {
			isa = PBXGroup;
			children = (
				89401D2518833DFB005A030A /* oldPydioClient.h */,
			);
			path = toremove;
			sourceTree = "<group>";
		};
		89A6AA3D187B0A03003A6BDA /* ResponseSerializers */ = {
			isa = PBXGroup;
			children = (
				89A6AA3E187B0A30003A6BDA /* BootConfResponseSerializerTests.m */,
				89A6C8A4189469A200EA5D13 /* GetSeedResponseSerializerTests.m */,
				89AD37721893F260007E3F43 /* LoginResponseSerializerTests.m */,
				89AC1ACE188DC92D00ACAD7C /* RepositoriesResponseSerializerTests.m */,
			);
			path = ResponseSerializers;
			sourceTree = "<group>";
		};
		89A6AA40187B1DE2003A6BDA /* Clients */ = {
			isa = PBXGroup;
			children = (
				89A6AA41187B1E31003A6BDA /* AuthorizationClientTests.m */,
				89B429EC187F4BD0005F6580 /* PydioClientTests.m */,
				89A5A6651888F7B300365E24 /* OperationsClientTests.m */,
			);
			path = Clients;
			sourceTree = "<group>";
		};
		89A6AA43187B440A003A6BDA /* Clients */ = {
			isa = PBXGroup;
			children = (
				89A6AA44187B4436003A6BDA /* AuthorizationClient.h */,
				89A6AA45187B4436003A6BDA /* AuthorizationClient.m */,
				89B429E9187F4BAB005F6580 /* PydioClient.h */,
				89B429EA187F4BAB005F6580 /* PydioClient.m */,
				89A84FF21885F5B800AFC2F0 /* OperationsClient.h */,
				89A84FF31885F5B800AFC2F0 /* OperationsClient.m */,
			);
			path = Clients;
			sourceTree = "<group>";
		};
		89AC1ACC188DAEDD00ACAD7C /* ResponseParsers */ = {
			isa = PBXGroup;
			children = (
				8910F5FF1878A3410005BED4 /* NotAuthorizedResponseParserDelegate.h */,
				8910F6001878A3410005BED4 /* NotAuthorizedResponseParserDelegate.m */,
				89C2A9C51878C4EE0051B8E6 /* LoginResponseParserDelegate.h */,
				89C2A9C61878C4EE0051B8E6 /* LoginResponseParserDelegate.m */,
				89B3560A188C70A500C62728 /* RepositoriesParserDelegate.h */,
				89B3560B188C70A500C62728 /* RepositoriesParserDelegate.m */,
				89AC1AC5188D8AE100ACAD7C /* RepositoriesParserDelegate_Private.h */,
				89AC1AC6188D8CAD00ACAD7C /* RepositoriesParserStates.h */,
				89AC1AC7188D8CAD00ACAD7C /* RepositoriesParserStates.m */,
			);
			path = ResponseParsers;
			sourceTree = "<group>";
		};
		89AC1ACD188DBE1900ACAD7C /* Responses */ = {
			isa = PBXGroup;
			children = (
				89C2A9C81878CD440051B8E6 /* LoginResponse.h */,
				89C2A9C91878CD440051B8E6 /* LoginResponse.m */,
				89A554FD188C03F1008C1B64 /* NotAuthorizedResponse.h */,
				89A554FE188C03F1008C1B64 /* NotAuthorizedResponse.m */,
				89AC1AC9188DA30800ACAD7C /* Repository.h */,
				89AC1ACA188DA30800ACAD7C /* Repository.m */,
			);
			path = Responses;
			sourceTree = "<group>";
		};
		89AC1AD0188DDD2700ACAD7C /* ResponseParsers */ = {
			isa = PBXGroup;
			children = (
				89BD973F1891A2710054CFA2 /* LoginResponseParserDelegateTests.m */,
				89ABACFA1893B3E200E1420D /* NotAuthorizedResponseParserDelegateTests.m */,
				89AC1AD1188DDFB300ACAD7C /* RepositoriesParserDelegateTests.m */,
				89ABAD001893D51400E1420D /* XCTestCase+XMLFixture.h */,
				89ABAD011893D51400E1420D /* XCTestCase+XMLFixture.m */,
			);
			path = ResponseParsers;
			sourceTree = "<group>";
		};
		89AC1AD3188DE84900ACAD7C /* Fixtures */ = {
			isa = PBXGroup;
			children = (
				89BD973D1891A20C0054CFA2 /* login_response.xml */,
				89AC1AD4188DE98600ACAD7C /* get_registers_response.xml */,
				89ABACFC1893BDC800E1420D /* unathorized_response.xml */,
				89ABACFE1893BEF700E1420D /* unathorized_response2.xml */,
			);
			path = Fixtures;
			sourceTree = "<group>";
		};
/* End PBXGroup section */

/* Begin PBXNativeTarget section */
		3DFF3AE1186648C900A766D7 /* PydioSDK */ = {
			isa = PBXNativeTarget;
			buildConfigurationList = 3DFF3B14186648CA00A766D7 /* Build configuration list for PBXNativeTarget "PydioSDK" */;
			buildPhases = (
				3DFF3ADE186648C900A766D7 /* Sources */,
				3DFF3ADF186648C900A766D7 /* Frameworks */,
				3DFF3AE0186648C900A766D7 /* Resources */,
			);
			buildRules = (
			);
			dependencies = (
			);
			name = PydioSDK;
			productName = PydioSDK;
			productReference = 3DFF3AE2186648C900A766D7 /* PydioSDK.app */;
			productType = "com.apple.product-type.application";
		};
		3DFF3B02186648C900A766D7 /* PydioSDKTests */ = {
			isa = PBXNativeTarget;
			buildConfigurationList = 3DFF3B17186648CA00A766D7 /* Build configuration list for PBXNativeTarget "PydioSDKTests" */;
			buildPhases = (
				3DFF3AFF186648C900A766D7 /* Sources */,
				3DFF3B00186648C900A766D7 /* Frameworks */,
				3DFF3B01186648C900A766D7 /* Resources */,
			);
			buildRules = (
			);
			dependencies = (
				3DFF3B09186648CA00A766D7 /* PBXTargetDependency */,
			);
			name = PydioSDKTests;
			productName = PydioSDKTests;
			productReference = 3DFF3B03186648C900A766D7 /* PydioSDKTests.xctest */;
			productType = "com.apple.product-type.bundle.unit-test";
		};
/* End PBXNativeTarget section */

/* Begin PBXProject section */
		3DFF3ADA186648C900A766D7 /* Project object */ = {
			isa = PBXProject;
			attributes = {
				LastUpgradeCheck = 0500;
				ORGANIZATIONNAME = MINI;
				TargetAttributes = {
					3DFF3B02186648C900A766D7 = {
						TestTargetID = 3DFF3AE1186648C900A766D7;
					};
				};
			};
			buildConfigurationList = 3DFF3ADD186648C900A766D7 /* Build configuration list for PBXProject "PydioSDK" */;
			compatibilityVersion = "Xcode 3.2";
			developmentRegion = English;
			hasScannedForEncodings = 0;
			knownRegions = (
				en,
				Base,
			);
			mainGroup = 3DFF3AD9186648C900A766D7;
			productRefGroup = 3DFF3AE3186648C900A766D7 /* Products */;
			projectDirPath = "";
			projectRoot = "";
			targets = (
				3DFF3AE1186648C900A766D7 /* PydioSDK */,
				3DFF3B02186648C900A766D7 /* PydioSDKTests */,
			);
		};
/* End PBXProject section */

/* Begin PBXResourcesBuildPhase section */
		3DFF3AE0186648C900A766D7 /* Resources */ = {
			isa = PBXResourcesBuildPhase;
			buildActionMask = 2147483647;
			files = (
				3DFF3AFE186648C900A766D7 /* Images.xcassets in Resources */,
				3DFF3AF0186648C900A766D7 /* InfoPlist.strings in Resources */,
				3DFF3AF9186648C900A766D7 /* Main.storyboard in Resources */,
			);
			runOnlyForDeploymentPostprocessing = 0;
		};
		3DFF3B01186648C900A766D7 /* Resources */ = {
			isa = PBXResourcesBuildPhase;
			buildActionMask = 2147483647;
			files = (
				89ABACFD1893BDC800E1420D /* unathorized_response.xml in Resources */,
				89BD973E1891A20C0054CFA2 /* login_response.xml in Resources */,
				89ABACFF1893BEF700E1420D /* unathorized_response2.xml in Resources */,
				3DFF3B0F186648CA00A766D7 /* InfoPlist.strings in Resources */,
				89AC1AD5188DE98600ACAD7C /* get_registers_response.xml in Resources */,
			);
			runOnlyForDeploymentPostprocessing = 0;
		};
/* End PBXResourcesBuildPhase section */

/* Begin PBXSourcesBuildPhase section */
		3DFF3ADE186648C900A766D7 /* Sources */ = {
			isa = PBXSourcesBuildPhase;
			buildActionMask = 2147483647;
			files = (
				8940130A188443C90044001D /* User.m in Sources */,
				3DFF3B2F18664EEF00A766D7 /* AFHTTPRequestOperation.m in Sources */,
				89B35609188C6FB000C62728 /* RepositoriesResponseSerializer.m in Sources */,
				8910F5F218786EFA0005BED4 /* NSString+Hash.m in Sources */,
				89AC1ACB188DA30800ACAD7C /* Repository.m in Sources */,
				3DFF3AFC186648C900A766D7 /* ViewController.m in Sources */,
				8910F5F5187874430005BED4 /* BootConfResponseSerializer.m in Sources */,
				89B4780A187DFCE700A9CFC5 /* AuthCredentials.m in Sources */,
				89A6AA46187B4436003A6BDA /* AuthorizationClient.m in Sources */,
				89C2A9CA1878CD440051B8E6 /* LoginResponse.m in Sources */,
				89401D231883318F005A030A /* CookieManager.m in Sources */,
				3DFF3B3018664EEF00A766D7 /* AFHTTPRequestOperationManager.m in Sources */,
				3D03A6791867171200DC5839 /* PydioConnector.m in Sources */,
				3DFF3B3218664EEF00A766D7 /* AFNetworkReachabilityManager.m in Sources */,
				3DFF3B3618664EEF00A766D7 /* AFURLResponseSerialization.m in Sources */,
				89A554FF188C03F1008C1B64 /* NotAuthorizedResponse.m in Sources */,
				3DFF3B3418664EEF00A766D7 /* AFURLConnectionOperation.m in Sources */,
				8910F5F818788A7A0005BED4 /* GetSeedResponseSerializer.m in Sources */,
				899D93EE188BF00F00E9FD25 /* NotAuthorizedResponseSerializer.m in Sources */,
				3DFF3B3318664EEF00A766D7 /* AFSecurityPolicy.m in Sources */,
				3DFF3B3118664EEF00A766D7 /* AFHTTPSessionManager.m in Sources */,
				3DFF3B3518664EEF00A766D7 /* AFURLRequestSerialization.m in Sources */,
				3DFF3B3718664EEF00A766D7 /* AFURLSessionManager.m in Sources */,
				8910F6011878A3410005BED4 /* NotAuthorizedResponseParserDelegate.m in Sources */,
				3DFF3AF6186648C900A766D7 /* AppDelegate.m in Sources */,
				89C2A9C71878C4EE0051B8E6 /* LoginResponseParserDelegate.m in Sources */,
				89B3560C188C70A500C62728 /* RepositoriesParserDelegate.m in Sources */,
				89B429EB187F4BAB005F6580 /* PydioClient.m in Sources */,
				8910F5FC1878927B0005BED4 /* LoginResponseSerializer.m in Sources */,
				89A84FF41885F5B800AFC2F0 /* OperationsClient.m in Sources */,
				89AD27671878198300033083 /* ServerConfig.m in Sources */,
				89AC1AC8188D8CAD00ACAD7C /* RepositoriesParserStates.m in Sources */,
				3DFF3AF2186648C900A766D7 /* main.m in Sources */,
			);
			runOnlyForDeploymentPostprocessing = 0;
		};
		3DFF3AFF186648C900A766D7 /* Sources */ = {
			isa = PBXSourcesBuildPhase;
			buildActionMask = 2147483647;
			files = (
				89A6C8A5189469A200EA5D13 /* GetSeedResponseSerializerTests.m in Sources */,
				89BD97401891A2710054CFA2 /* LoginResponseParserDelegateTests.m in Sources */,
				89AC1ACF188DC92D00ACAD7C /* RepositoriesResponseSerializerTests.m in Sources */,
				89AC1AD2188DDFB300ACAD7C /* RepositoriesParserDelegateTests.m in Sources */,
				89B13A9D18917A13007282EB /* CookieManagerTests.m in Sources */,
				89A6AA42187B1E31003A6BDA /* AuthorizationClientTests.m in Sources */,
				89B429ED187F4BD0005F6580 /* PydioClientTests.m in Sources */,
				89A6AA3F187B0A30003A6BDA /* BootConfResponseSerializerTests.m in Sources */,
				89ABACFB1893B3E200E1420D /* NotAuthorizedResponseParserDelegateTests.m in Sources */,
				89AD37731893F260007E3F43 /* LoginResponseSerializerTests.m in Sources */,
				89ABAD021893D51400E1420D /* XCTestCase+XMLFixture.m in Sources */,
				89A5A6661888F7B300365E24 /* OperationsClientTests.m in Sources */,
			);
			runOnlyForDeploymentPostprocessing = 0;
		};
/* End PBXSourcesBuildPhase section */

/* Begin PBXTargetDependency section */
		3DFF3B09186648CA00A766D7 /* PBXTargetDependency */ = {
			isa = PBXTargetDependency;
			target = 3DFF3AE1186648C900A766D7 /* PydioSDK */;
			targetProxy = 3DFF3B08186648CA00A766D7 /* PBXContainerItemProxy */;
		};
/* End PBXTargetDependency section */

/* Begin PBXVariantGroup section */
		3DFF3AEE186648C900A766D7 /* InfoPlist.strings */ = {
			isa = PBXVariantGroup;
			children = (
				3DFF3AEF186648C900A766D7 /* en */,
			);
			name = InfoPlist.strings;
			sourceTree = "<group>";
		};
		3DFF3AF7186648C900A766D7 /* Main.storyboard */ = {
			isa = PBXVariantGroup;
			children = (
				3DFF3AF8186648C900A766D7 /* Base */,
			);
			name = Main.storyboard;
			sourceTree = "<group>";
		};
		3DFF3B0D186648CA00A766D7 /* InfoPlist.strings */ = {
			isa = PBXVariantGroup;
			children = (
				3DFF3B0E186648CA00A766D7 /* en */,
			);
			name = InfoPlist.strings;
			sourceTree = "<group>";
		};
/* End PBXVariantGroup section */

/* Begin XCBuildConfiguration section */
		3DFF3B12186648CA00A766D7 /* Debug */ = {
			isa = XCBuildConfiguration;
			buildSettings = {
				ALWAYS_SEARCH_USER_PATHS = NO;
				ARCHS = "$(ARCHS_STANDARD_INCLUDING_64_BIT)";
				CLANG_CXX_LANGUAGE_STANDARD = "gnu++0x";
				CLANG_CXX_LIBRARY = "libc++";
				CLANG_ENABLE_MODULES = YES;
				CLANG_ENABLE_OBJC_ARC = YES;
				CLANG_WARN_BOOL_CONVERSION = YES;
				CLANG_WARN_CONSTANT_CONVERSION = YES;
				CLANG_WARN_DIRECT_OBJC_ISA_USAGE = YES_ERROR;
				CLANG_WARN_EMPTY_BODY = YES;
				CLANG_WARN_ENUM_CONVERSION = YES;
				CLANG_WARN_INT_CONVERSION = YES;
				CLANG_WARN_OBJC_ROOT_CLASS = YES_ERROR;
				CLANG_WARN__DUPLICATE_METHOD_MATCH = YES;
				"CODE_SIGN_IDENTITY[sdk=iphoneos*]" = "iPhone Developer";
				COPY_PHASE_STRIP = NO;
				GCC_C_LANGUAGE_STANDARD = gnu99;
				GCC_DYNAMIC_NO_PIC = NO;
				GCC_OPTIMIZATION_LEVEL = 0;
				GCC_PREPROCESSOR_DEFINITIONS = (
					"DEBUG=1",
					"$(inherited)",
				);
				GCC_SYMBOLS_PRIVATE_EXTERN = NO;
				GCC_WARN_64_TO_32_BIT_CONVERSION = YES;
				GCC_WARN_ABOUT_RETURN_TYPE = YES_ERROR;
				GCC_WARN_UNDECLARED_SELECTOR = YES;
				GCC_WARN_UNINITIALIZED_AUTOS = YES;
				GCC_WARN_UNUSED_FUNCTION = YES;
				GCC_WARN_UNUSED_VARIABLE = YES;
				IPHONEOS_DEPLOYMENT_TARGET = 7.0;
				ONLY_ACTIVE_ARCH = YES;
				SDKROOT = iphoneos;
			};
			name = Debug;
		};
		3DFF3B13186648CA00A766D7 /* Release */ = {
			isa = XCBuildConfiguration;
			buildSettings = {
				ALWAYS_SEARCH_USER_PATHS = NO;
				ARCHS = "$(ARCHS_STANDARD_INCLUDING_64_BIT)";
				CLANG_CXX_LANGUAGE_STANDARD = "gnu++0x";
				CLANG_CXX_LIBRARY = "libc++";
				CLANG_ENABLE_MODULES = YES;
				CLANG_ENABLE_OBJC_ARC = YES;
				CLANG_WARN_BOOL_CONVERSION = YES;
				CLANG_WARN_CONSTANT_CONVERSION = YES;
				CLANG_WARN_DIRECT_OBJC_ISA_USAGE = YES_ERROR;
				CLANG_WARN_EMPTY_BODY = YES;
				CLANG_WARN_ENUM_CONVERSION = YES;
				CLANG_WARN_INT_CONVERSION = YES;
				CLANG_WARN_OBJC_ROOT_CLASS = YES_ERROR;
				CLANG_WARN__DUPLICATE_METHOD_MATCH = YES;
				"CODE_SIGN_IDENTITY[sdk=iphoneos*]" = "iPhone Developer";
				COPY_PHASE_STRIP = YES;
				ENABLE_NS_ASSERTIONS = NO;
				GCC_C_LANGUAGE_STANDARD = gnu99;
				GCC_WARN_64_TO_32_BIT_CONVERSION = YES;
				GCC_WARN_ABOUT_RETURN_TYPE = YES_ERROR;
				GCC_WARN_UNDECLARED_SELECTOR = YES;
				GCC_WARN_UNINITIALIZED_AUTOS = YES;
				GCC_WARN_UNUSED_FUNCTION = YES;
				GCC_WARN_UNUSED_VARIABLE = YES;
				IPHONEOS_DEPLOYMENT_TARGET = 7.0;
				SDKROOT = iphoneos;
				VALIDATE_PRODUCT = YES;
			};
			name = Release;
		};
		3DFF3B15186648CA00A766D7 /* Debug */ = {
			isa = XCBuildConfiguration;
			buildSettings = {
				ASSETCATALOG_COMPILER_APPICON_NAME = AppIcon;
				ASSETCATALOG_COMPILER_LAUNCHIMAGE_NAME = LaunchImage;
				GCC_PRECOMPILE_PREFIX_HEADER = YES;
				GCC_PREFIX_HEADER = "PydioSDK/PydioSDK-Prefix.pch";
				INFOPLIST_FILE = "PydioSDK/PydioSDK-Info.plist";
				IPHONEOS_DEPLOYMENT_TARGET = 6.0;
				PRODUCT_NAME = "$(TARGET_NAME)";
				WRAPPER_EXTENSION = app;
			};
			name = Debug;
		};
		3DFF3B16186648CA00A766D7 /* Release */ = {
			isa = XCBuildConfiguration;
			buildSettings = {
				ASSETCATALOG_COMPILER_APPICON_NAME = AppIcon;
				ASSETCATALOG_COMPILER_LAUNCHIMAGE_NAME = LaunchImage;
				GCC_PRECOMPILE_PREFIX_HEADER = YES;
				GCC_PREFIX_HEADER = "PydioSDK/PydioSDK-Prefix.pch";
				INFOPLIST_FILE = "PydioSDK/PydioSDK-Info.plist";
				IPHONEOS_DEPLOYMENT_TARGET = 6.0;
				PRODUCT_NAME = "$(TARGET_NAME)";
				WRAPPER_EXTENSION = app;
			};
			name = Release;
		};
		3DFF3B18186648CA00A766D7 /* Debug */ = {
			isa = XCBuildConfiguration;
			buildSettings = {
				ARCHS = "$(ARCHS_STANDARD_INCLUDING_64_BIT)";
				BUNDLE_LOADER = "$(BUILT_PRODUCTS_DIR)/PydioSDK.app/PydioSDK";
				CLANG_ENABLE_MODULES = NO;
				FRAMEWORK_SEARCH_PATHS = (
					"$(SDKROOT)/Developer/Library/Frameworks",
					"$(inherited)",
					"$(DEVELOPER_FRAMEWORKS_DIR)",
					"/Users/pc-mobile/develop/ajaxplorer_new/PydioSDK/Frameworks",
				);
				GCC_PRECOMPILE_PREFIX_HEADER = YES;
				GCC_PREFIX_HEADER = "PydioSDK/PydioSDK-Prefix.pch";
				GCC_PREPROCESSOR_DEFINITIONS = (
					"DEBUG=1",
					"$(inherited)",
				);
				INFOPLIST_FILE = "PydioSDKTests/PydioSDKTests-Info.plist";
				PRODUCT_NAME = "$(TARGET_NAME)";
				TEST_HOST = "$(BUNDLE_LOADER)";
				WRAPPER_EXTENSION = xctest;
			};
			name = Debug;
		};
		3DFF3B19186648CA00A766D7 /* Release */ = {
			isa = XCBuildConfiguration;
			buildSettings = {
				ARCHS = "$(ARCHS_STANDARD_INCLUDING_64_BIT)";
				BUNDLE_LOADER = "$(BUILT_PRODUCTS_DIR)/PydioSDK.app/PydioSDK";
				CLANG_ENABLE_MODULES = NO;
				FRAMEWORK_SEARCH_PATHS = (
					"$(SDKROOT)/Developer/Library/Frameworks",
					"$(inherited)",
					"$(DEVELOPER_FRAMEWORKS_DIR)",
					"/Users/pc-mobile/develop/ajaxplorer_new/PydioSDK/Frameworks",
				);
				GCC_PRECOMPILE_PREFIX_HEADER = YES;
				GCC_PREFIX_HEADER = "PydioSDK/PydioSDK-Prefix.pch";
				INFOPLIST_FILE = "PydioSDKTests/PydioSDKTests-Info.plist";
				PRODUCT_NAME = "$(TARGET_NAME)";
				TEST_HOST = "$(BUNDLE_LOADER)";
				WRAPPER_EXTENSION = xctest;
			};
			name = Release;
		};
/* End XCBuildConfiguration section */

/* Begin XCConfigurationList section */
		3DFF3ADD186648C900A766D7 /* Build configuration list for PBXProject "PydioSDK" */ = {
			isa = XCConfigurationList;
			buildConfigurations = (
				3DFF3B12186648CA00A766D7 /* Debug */,
				3DFF3B13186648CA00A766D7 /* Release */,
			);
			defaultConfigurationIsVisible = 0;
			defaultConfigurationName = Release;
		};
		3DFF3B14186648CA00A766D7 /* Build configuration list for PBXNativeTarget "PydioSDK" */ = {
			isa = XCConfigurationList;
			buildConfigurations = (
				3DFF3B15186648CA00A766D7 /* Debug */,
				3DFF3B16186648CA00A766D7 /* Release */,
			);
			defaultConfigurationIsVisible = 0;
			defaultConfigurationName = Release;
		};
		3DFF3B17186648CA00A766D7 /* Build configuration list for PBXNativeTarget "PydioSDKTests" */ = {
			isa = XCConfigurationList;
			buildConfigurations = (
				3DFF3B18186648CA00A766D7 /* Debug */,
				3DFF3B19186648CA00A766D7 /* Release */,
			);
			defaultConfigurationIsVisible = 0;
			defaultConfigurationName = Release;
		};
/* End XCConfigurationList section */
	};
	rootObject = 3DFF3ADA186648C900A766D7 /* Project object */;
}
